// !$*UTF8*$!
{
	archiveVersion = 1;
	classes = {
	};
	objectVersion = 46;
	objects = {

/* Begin PBXBuildFile section */
		E804FB7127625E3800C3698F /* 0794ValidTicTacToe.swift in Sources */ = {isa = PBXBuildFile; fileRef = E804FB7027625E3800C3698F /* 0794ValidTicTacToe.swift */; };
		E804FB732763986400C3698F /* 0748ShortestCompletingWord.swift in Sources */ = {isa = PBXBuildFile; fileRef = E804FB722763986400C3698F /* 0748ShortestCompletingWord.swift */; };
		E80F5150277A12080036574F /* 0825NumFriendRequests.swift in Sources */ = {isa = PBXBuildFile; fileRef = E80F514F277A12080036574F /* 0825NumFriendRequests.swift */; };
		E814C997278979E50094F9A3 /* 0089GrayCode.swift in Sources */ = {isa = PBXBuildFile; fileRef = E814C996278979E50094F9A3 /* 0089GrayCode.swift */; };
		E81BEE6D2798800E0099120E /* Offer57TwoSum.swift in Sources */ = {isa = PBXBuildFile; fileRef = E81BEE6C2798800E0099120E /* Offer57TwoSum.swift */; };
		E81BEE6F279BF9CE0099120E /* Offer54kthLargest.swift in Sources */ = {isa = PBXBuildFile; fileRef = E81BEE6E279BF9CE0099120E /* Offer54kthLargest.swift */; };
		E823B033274E8665007FE15C /* 0077Combine.swift in Sources */ = {isa = PBXBuildFile; fileRef = E823B032274E8665007FE15C /* 0077Combine.swift */; };
		E823B037274E9C5F007FE15C /* 0458PoorPigs.swift in Sources */ = {isa = PBXBuildFile; fileRef = E823B036274E9C5F007FE15C /* 0458PoorPigs.swift */; };
		E823B039274FD3FB007FE15C /* 0005LongestPalindrome.swift in Sources */ = {isa = PBXBuildFile; fileRef = E823B038274FD3FB007FE15C /* 0005LongestPalindrome.swift */; };
		E823B03B274FF178007FE15C /* 0700SearchBST.swift in Sources */ = {isa = PBXBuildFile; fileRef = E823B03A274FF178007FE15C /* 0700SearchBST.swift */; };
		E823B03D274FF430007FE15C /* TreeNode.swift in Sources */ = {isa = PBXBuildFile; fileRef = E823B03C274FF430007FE15C /* TreeNode.swift */; };
		E823B045274FFD52007FE15C /* StringExtension.swift in Sources */ = {isa = PBXBuildFile; fileRef = E823B044274FFD52007FE15C /* StringExtension.swift */; };
		E823B04727551A17007FE15C /* 0786KthSmallestPrimeFraction.swift in Sources */ = {isa = PBXBuildFile; fileRef = E823B04627551A17007FE15C /* 0786KthSmallestPrimeFraction.swift */; };
		E823B04B2757BB5C007FE15C /* 1446MaxPower.swift in Sources */ = {isa = PBXBuildFile; fileRef = E823B04A2757BB5C007FE15C /* 1446MaxPower.swift */; };
		E82AC1F427D5DB8600AE0AD3 /* 0124MaxPathSum.swift in Sources */ = {isa = PBXBuildFile; fileRef = E82AC1F327D5DB8600AE0AD3 /* 0124MaxPathSum.swift */; };
		E82AC1F627D5E38400AE0AD3 /* 0105BuildTree.swift in Sources */ = {isa = PBXBuildFile; fileRef = E82AC1F527D5E38400AE0AD3 /* 0105BuildTree.swift */; };
		E832A0D327E38A3B00689715 /* 0096NumTrees.swift in Sources */ = {isa = PBXBuildFile; fileRef = E832A0D227E38A3B00689715 /* 0096NumTrees.swift */; };
		E832A0D527E39A9000689715 /* 0543DiameterOfBinaryTree.swift in Sources */ = {isa = PBXBuildFile; fileRef = E832A0D427E39A9000689715 /* 0543DiameterOfBinaryTree.swift */; };
		E832A0D727E3A05300689715 /* 0226InvertTree.swift in Sources */ = {isa = PBXBuildFile; fileRef = E832A0D627E3A05300689715 /* 0226InvertTree.swift */; };
		E832A0D927E3A11A00689715 /* 0104MaxDepth.swift in Sources */ = {isa = PBXBuildFile; fileRef = E832A0D827E3A11A00689715 /* 0104MaxDepth.swift */; };
		E832A0DB27E3A20C00689715 /* 0101IsSymmetric.swift in Sources */ = {isa = PBXBuildFile; fileRef = E832A0DA27E3A20C00689715 /* 0101IsSymmetric.swift */; };
		E832A0DD27E3A5B800689715 /* 0236LowestCommonAncestor.swift in Sources */ = {isa = PBXBuildFile; fileRef = E832A0DC27E3A5B800689715 /* 0236LowestCommonAncestor.swift */; };
		E83965C227C50A4B00A5A280 /* 0143ReOrderList.swift in Sources */ = {isa = PBXBuildFile; fileRef = E83965C127C50A4B00A5A280 /* 0143ReOrderList.swift */; };
		E83965C427C719FD00A5A280 /* 0021MergeTwoLists.swift in Sources */ = {isa = PBXBuildFile; fileRef = E83965C327C719FC00A5A280 /* 0021MergeTwoLists.swift */; };
		E83965C627CF438400A5A280 /* TailFactorial.swift in Sources */ = {isa = PBXBuildFile; fileRef = E83965C527CF438400A5A280 /* TailFactorial.swift */; };
		E83D35B127E8AEB700D408BB /* 0349Intersection.swift in Sources */ = {isa = PBXBuildFile; fileRef = E83D35B027E8AEB700D408BB /* 0349Intersection.swift */; };
		E840C79D2789E10A007BFB33 /* 0103ZigzagLevelOrder.swift in Sources */ = {isa = PBXBuildFile; fileRef = E840C79C2789E10A007BFB33 /* 0103ZigzagLevelOrder.swift */; };
		E840C79F2789E71A007BFB33 /* 0092ReverseBetween.swift in Sources */ = {isa = PBXBuildFile; fileRef = E840C79E2789E71A007BFB33 /* 0092ReverseBetween.swift */; };
		E840C7A12789E729007BFB33 /* ListNode.swift in Sources */ = {isa = PBXBuildFile; fileRef = E840C7A02789E729007BFB33 /* ListNode.swift */; };
		E840C7A3278B37B6007BFB33 /* 1629SlowestKey.swift in Sources */ = {isa = PBXBuildFile; fileRef = E840C7A2278B37B6007BFB33 /* 1629SlowestKey.swift */; };
		E840C7A5278C85CD007BFB33 /* 0306IsAdditiveNumber.swift in Sources */ = {isa = PBXBuildFile; fileRef = E840C7A4278C85CD007BFB33 /* 0306IsAdditiveNumber.swift */; };
		E840C7A7278C8B78007BFB33 /* Offer11MinArray.swift in Sources */ = {isa = PBXBuildFile; fileRef = E840C7A6278C8B78007BFB33 /* Offer11MinArray.swift */; };
		E840C7A9278C9313007BFB33 /* Offer50FirstUniqChar.swift in Sources */ = {isa = PBXBuildFile; fileRef = E840C7A8278C9313007BFB33 /* Offer50FirstUniqChar.swift */; };
		E840C7AB278C9506007BFB33 /* Offer32LevelOrder.swift in Sources */ = {isa = PBXBuildFile; fileRef = E840C7AA278C9506007BFB33 /* Offer32LevelOrder.swift */; };
		E840C7AD278C98CF007BFB33 /* Offer10Fib.swift in Sources */ = {isa = PBXBuildFile; fileRef = E840C7AC278C98CF007BFB33 /* Offer10Fib.swift */; };
		E840C7AF278C9B2C007BFB33 /* Offer10NumWays.swift in Sources */ = {isa = PBXBuildFile; fileRef = E840C7AE278C9B2C007BFB33 /* Offer10NumWays.swift */; };
		E840C7B1278C9EE8007BFB33 /* Offer63MaxProfit.swift in Sources */ = {isa = PBXBuildFile; fileRef = E840C7B0278C9EE8007BFB33 /* Offer63MaxProfit.swift */; };
		E8421E0E278DE32D0062FD23 /* 0334IncreasingTriplet.swift in Sources */ = {isa = PBXBuildFile; fileRef = E8421E0D278DE32D0062FD23 /* 0334IncreasingTriplet.swift */; };
		E8421E10278DE76C0062FD23 /* Offer42MaxSubArray.swift in Sources */ = {isa = PBXBuildFile; fileRef = E8421E0F278DE76C0062FD23 /* Offer42MaxSubArray.swift */; };
		E84E207D27931FA700137F5E /* 1716TotalMoney.swift in Sources */ = {isa = PBXBuildFile; fileRef = E84E207C27931FA700137F5E /* 1716TotalMoney.swift */; };
		E84E207F27946E1500137F5E /* 0382GetRandom.swift in Sources */ = {isa = PBXBuildFile; fileRef = E84E207E27946E1500137F5E /* 0382GetRandom.swift */; };
		E84E20A32795C53C00137F5E /* 1220CountVowelPermutation.swift in Sources */ = {isa = PBXBuildFile; fileRef = E84E20A22795C53C00137F5E /* 1220CountVowelPermutation.swift */; };
		E85B7E4427D8FDAC008AD9F0 /* 0200NumIslands.swift in Sources */ = {isa = PBXBuildFile; fileRef = E85B7E4327D8FDAC008AD9F0 /* 0200NumIslands.swift */; };
		E85F2AAC1F8E58DF0020A2FF /* 0002AddTwo Numbers.swift in Sources */ = {isa = PBXBuildFile; fileRef = E85F2AA91F8E58DF0020A2FF /* 0002AddTwo Numbers.swift */; };
		E85F2AAE1F8E58DF0020A2FF /* 0001TwoSum.swift in Sources */ = {isa = PBXBuildFile; fileRef = E85F2AAB1F8E58DF0020A2FF /* 0001TwoSum.swift */; };
		E85F928F27985C4C0045C1D4 /* 0219ContainsNearbyDuplicate.swift in Sources */ = {isa = PBXBuildFile; fileRef = E85F928E27985C4C0045C1D4 /* 0219ContainsNearbyDuplicate.swift */; };
		E85F9291279860E60045C1D4 /* Offer27MirrorTree.swift in Sources */ = {isa = PBXBuildFile; fileRef = E85F9290279860E60045C1D4 /* Offer27MirrorTree.swift */; };
		E85F9295279861D00045C1D4 /* Offer28IsSymmetric.swift in Sources */ = {isa = PBXBuildFile; fileRef = E85F9294279861D00045C1D4 /* Offer28IsSymmetric.swift */; };
		E85F9297279866750045C1D4 /* Offer18DeleteNode.swift in Sources */ = {isa = PBXBuildFile; fileRef = E85F9296279866750045C1D4 /* Offer18DeleteNode.swift */; };
		E85F929927986A040045C1D4 /* Offer22GetKthFromEnd.swift in Sources */ = {isa = PBXBuildFile; fileRef = E85F929827986A040045C1D4 /* Offer22GetKthFromEnd.swift */; };
		E85F929B279870050045C1D4 /* Offer25MergeTwoLists.swift in Sources */ = {isa = PBXBuildFile; fileRef = E85F929A279870050045C1D4 /* Offer25MergeTwoLists.swift */; };
		E85F929D2798744D0045C1D4 /* Offer52GetIntersectionNode.swift in Sources */ = {isa = PBXBuildFile; fileRef = E85F929C2798744D0045C1D4 /* Offer52GetIntersectionNode.swift */; };
		E86A3F9D1F28E8AB007D44F2 /* LICENSE in Resources */ = {isa = PBXBuildFile; fileRef = E86A3F9C1F28E8AB007D44F2 /* LICENSE */; };
		E86EBE07278602E9002A40A5 /* 0104LevelOrder.swift in Sources */ = {isa = PBXBuildFile; fileRef = E86EBE06278602E9002A40A5 /* 0104LevelOrder.swift */; };
		E86EBE0927873673002A40A5 /* 0071SimplifyPath.swift in Sources */ = {isa = PBXBuildFile; fileRef = E86EBE0827873673002A40A5 /* 0071SimplifyPath.swift */; };
		E86EBE0B278738E7002A40A5 /* 0199RightSideView.swift in Sources */ = {isa = PBXBuildFile; fileRef = E86EBE0A278738E7002A40A5 /* 0199RightSideView.swift */; };
		E86F2C4A2770D2E9009F54D0 /* 0475FindRadius.swift in Sources */ = {isa = PBXBuildFile; fileRef = E86F2C492770D2E9009F54D0 /* 0475FindRadius.swift */; };
		E87A7CAB277CADF2009A9511 /* 1995CountQuadruplets.swift in Sources */ = {isa = PBXBuildFile; fileRef = E87A7CAA277CADF2009A9511 /* 1995CountQuadruplets.swift */; };
		E87A7CAD277CBC33009A9511 /* 0046Permute.swift in Sources */ = {isa = PBXBuildFile; fileRef = E87A7CAC277CBC33009A9511 /* 0046Permute.swift */; };
		E87A7CAF27802C30009A9511 /* 2022Construct2DArray.swift in Sources */ = {isa = PBXBuildFile; fileRef = E87A7CAE27802C30009A9511 /* 2022Construct2DArray.swift */; };
		E87A7CB12780338C009A9511 /* 0033Search.swift in Sources */ = {isa = PBXBuildFile; fileRef = E87A7CB02780338C009A9511 /* 0033Search.swift */; };
		E87A7CB3278059D9009A9511 /* 0056Merge.swift in Sources */ = {isa = PBXBuildFile; fileRef = E87A7CB2278059D9009A9511 /* 0056Merge.swift */; };
		E87A7CB52781F761009A9511 /* 0390LastRemaining.swift in Sources */ = {isa = PBXBuildFile; fileRef = E87A7CB42781F761009A9511 /* 0390LastRemaining.swift */; };
		E87A7CB72782FE5D009A9511 /* 1185DayOfTheWeek.swift in Sources */ = {isa = PBXBuildFile; fileRef = E87A7CB62782FE5D009A9511 /* 1185DayOfTheWeek.swift */; };
		E87A7CB92783418F009A9511 /* Offer04FindNumberIn2DArray.swift in Sources */ = {isa = PBXBuildFile; fileRef = E87A7CB82783418F009A9511 /* Offer04FindNumberIn2DArray.swift */; };
		E87A7CBD27849C74009A9511 /* 0031NextPermutation.swift in Sources */ = {isa = PBXBuildFile; fileRef = E87A7CBC27849C74009A9511 /* 0031NextPermutation.swift */; };
		E87A7CBF2784AA25009A9511 /* 1576ModifyString.swift in Sources */ = {isa = PBXBuildFile; fileRef = E87A7CBE2784AA25009A9511 /* 1576ModifyString.swift */; };
		E88789D827987D4A005714E5 /* Offer21Exchange.swift in Sources */ = {isa = PBXBuildFile; fileRef = E88789D727987D4A005714E5 /* Offer21Exchange.swift */; };
		E88965502768E7D5002DAF94 /* 0630ScheduleCourse.swift in Sources */ = {isa = PBXBuildFile; fileRef = E889654F2768E7D5002DAF94 /* 0630ScheduleCourse.swift */; };
		E8A01F2227DF93F4003F1A90 /* 0152MaxProduct.swift in Sources */ = {isa = PBXBuildFile; fileRef = E8A01F2127DF93F4003F1A90 /* 0152MaxProduct.swift */; };
		E8A01F2E27DF9836003F1A90 /* 0148SortList.swift in Sources */ = {isa = PBXBuildFile; fileRef = E8A01F2327DF9836003F1A90 /* 0148SortList.swift */; };
		E8A01F2F27DF9836003F1A90 /* 0038SpiralOrder.swift in Sources */ = {isa = PBXBuildFile; fileRef = E8A01F2427DF9836003F1A90 /* 0038SpiralOrder.swift */; };
		E8A01F3027DF9836003F1A90 /* 0003LengthOfLongestSubstring.swift in Sources */ = {isa = PBXBuildFile; fileRef = E8A01F2527DF9836003F1A90 /* 0003LengthOfLongestSubstring.swift */; };
		E8A01F3127DF9836003F1A90 /* 0198Rob.swift in Sources */ = {isa = PBXBuildFile; fileRef = E8A01F2627DF9836003F1A90 /* 0198Rob.swift */; };
		E8A01F3227DF9836003F1A90 /* 0024SwapPairs.swift in Sources */ = {isa = PBXBuildFile; fileRef = E8A01F2727DF9836003F1A90 /* 0024SwapPairs.swift */; };
		E8A01F3327DF9836003F1A90 /* 0347TopKFrequent.swift in Sources */ = {isa = PBXBuildFile; fileRef = E8A01F2827DF9836003F1A90 /* 0347TopKFrequent.swift */; };
		E8A01F3427DF9836003F1A90 /* 0019RemoveNthFromEnd.swift in Sources */ = {isa = PBXBuildFile; fileRef = E8A01F2927DF9836003F1A90 /* 0019RemoveNthFromEnd.swift */; };
		E8A01F3527DF9836003F1A90 /* 0704Search.swift in Sources */ = {isa = PBXBuildFile; fileRef = E8A01F2A27DF9836003F1A90 /* 0704Search.swift */; };
		E8A01F3627DF9836003F1A90 /* 0070ClimbStairs.swift in Sources */ = {isa = PBXBuildFile; fileRef = E8A01F2B27DF9836003F1A90 /* 0070ClimbStairs.swift */; };
		E8A01F3727DF9836003F1A90 /* 0121MaxProfit.swift in Sources */ = {isa = PBXBuildFile; fileRef = E8A01F2C27DF9836003F1A90 /* 0121MaxProfit.swift */; };
		E8A01F3827DF9836003F1A90 /* 0076Exist.swift in Sources */ = {isa = PBXBuildFile; fileRef = E8A01F2D27DF9836003F1A90 /* 0076Exist.swift */; };
		E8A72151279C0D6900815D41 /* Offer61IsStraight.swift in Sources */ = {isa = PBXBuildFile; fileRef = E8A72150279C0D6900815D41 /* Offer61IsStraight.swift */; };
		E8A72153279C11E600815D41 /* Offer40GetLeastNumbers.swift in Sources */ = {isa = PBXBuildFile; fileRef = E8A72152279C11E600815D41 /* Offer40GetLeastNumbers.swift */; };
		E8A72155279C266C00815D41 /* Offer55MaxDepth.swift in Sources */ = {isa = PBXBuildFile; fileRef = E8A72154279C266C00815D41 /* Offer55MaxDepth.swift */; };
		E8A72157279C286C00815D41 /* 1332RemovePalindromeSub.swift in Sources */ = {isa = PBXBuildFile; fileRef = E8A72156279C286C00815D41 /* 1332RemovePalindromeSub.swift */; };
		E8A72159279C2D1100815D41 /* Offer64SumNums.swift in Sources */ = {isa = PBXBuildFile; fileRef = E8A72158279C2D1100815D41 /* Offer64SumNums.swift */; };
		E8A7215B279C464E00815D41 /* 0237DeleteNode.swift in Sources */ = {isa = PBXBuildFile; fileRef = E8A7215A279C464E00815D41 /* 0237DeleteNode.swift */; };
		E8A7215D279C47FF00815D41 /* Offer024ReverseList.swift in Sources */ = {isa = PBXBuildFile; fileRef = E8A7215C279C47FF00815D41 /* Offer024ReverseList.swift */; };
		E8A7215F279C4CB100815D41 /* 0141HasCycle.swift in Sources */ = {isa = PBXBuildFile; fileRef = E8A7215E279C4CB100815D41 /* 0141HasCycle.swift */; };
		E8B83879276C472F005DCEC1 /* 1518NumWaterBottles.swift in Sources */ = {isa = PBXBuildFile; fileRef = E8B83878276C472F005DCEC1 /* 1518NumWaterBottles.swift */; };
		E8C7A81E278CA279001A31C3 /* Offer26IsSubStructure.swift in Sources */ = {isa = PBXBuildFile; fileRef = E8C7A81D278CA279001A31C3 /* Offer26IsSubStructure.swift */; };
		E8C7A820278DD32E001A31C3 /* Offer48LengthOfLongestSubstring.swift in Sources */ = {isa = PBXBuildFile; fileRef = E8C7A81F278DD32E001A31C3 /* Offer48LengthOfLongestSubstring.swift */; };
		E8CC3F5627BDF4F60038F1CE /* Offer15HammingWeight.swift in Sources */ = {isa = PBXBuildFile; fileRef = E8CC3F5527BDF4F60038F1CE /* Offer15HammingWeight.swift */; };
		E8CC3F5827BDF52F0038F1CE /* 0053MaxSubArray.swift in Sources */ = {isa = PBXBuildFile; fileRef = E8CC3F5727BDF52F0038F1CE /* 0053MaxSubArray.swift */; };
		E8D1C2B527F06ACE00796F3E /* 0014LongestCommonPrefix.swift in Sources */ = {isa = PBXBuildFile; fileRef = E8D1C2B327F06ACE00796F3E /* 0014LongestCommonPrefix.swift */; };
		E8D1C2B627F06ACE00796F3E /* 0912QuickSort.swift in Sources */ = {isa = PBXBuildFile; fileRef = E8D1C2B427F06ACE00796F3E /* 0912QuickSort.swift */; };
		E8D5CA55276798DC00F6A63A /* Offer47MaxValue.swift in Sources */ = {isa = PBXBuildFile; fileRef = E8D5CA54276798DC00F6A63A /* Offer47MaxValue.swift */; };
		E8E9EA2B1F2B62EB00B522B6 /* LinkNode.swift in Sources */ = {isa = PBXBuildFile; fileRef = E8E9EA2A1F2B62EB00B522B6 /* LinkNode.swift */; };
		E8EBE5BF2757C03B00CE5FAD /* 0400FindNthDigit.swift in Sources */ = {isa = PBXBuildFile; fileRef = E8EBE5BE2757C03B00CE5FAD /* 0400FindNthDigit.swift */; };
		E8EBE5C12757E3B000CE5FAD /* Offer33VerifyPostorder.swift in Sources */ = {isa = PBXBuildFile; fileRef = E8EBE5C02757E3B000CE5FAD /* Offer33VerifyPostorder.swift */; };
		E8EBE5C32757E72D00CE5FAD /* 506FindRelativeRanks.swift in Sources */ = {isa = PBXBuildFile; fileRef = E8EBE5C22757E72D00CE5FAD /* 506FindRelativeRanks.swift */; };
		E8EBE5C52759151100CE5FAD /* Offer34PathSum.swift in Sources */ = {isa = PBXBuildFile; fileRef = E8EBE5C42759151100CE5FAD /* Offer34PathSum.swift */; };
		E8EBE5C7275926CA00CE5FAD /* 1005LargestSumAfterKNegations.swift in Sources */ = {isa = PBXBuildFile; fileRef = E8EBE5C6275926CA00CE5FAD /* 1005LargestSumAfterKNegations.swift */; };
		E8EBE5C9275A82AE00CE5FAD /* 0383CanConstruct.swift in Sources */ = {isa = PBXBuildFile; fileRef = E8EBE5C8275A82AE00CE5FAD /* 0383CanConstruct.swift */; };
		E8EBE5CB275B57DF00CE5FAD /* Offer45MinNumber.swift in Sources */ = {isa = PBXBuildFile; fileRef = E8EBE5CA275B57DF00CE5FAD /* Offer45MinNumber.swift */; };
		E8EBE5CD275B861900CE5FAD /* Offer46TranslateNum.swift in Sources */ = {isa = PBXBuildFile; fileRef = E8EBE5CC275B861900CE5FAD /* Offer46TranslateNum.swift */; };
		E8EBE5CF275C587F00CE5FAD /* 0372SuperPow.swift in Sources */ = {isa = PBXBuildFile; fileRef = E8EBE5CE275C587F00CE5FAD /* 0372SuperPow.swift */; };
		E8EBE5D1275E60D800CE5FAD /* Offer09CQueue.swift in Sources */ = {isa = PBXBuildFile; fileRef = E8EBE5D0275E60D800CE5FAD /* Offer09CQueue.swift */; };
		E8EBE5D3275E626E00CE5FAD /* Offer30MinStack.swift in Sources */ = {isa = PBXBuildFile; fileRef = E8EBE5D2275E626E00CE5FAD /* Offer30MinStack.swift */; };
		E8EBE5D52760FB2500CE5FAD /* 0689MaxSumOfThreeSubarrays.swift in Sources */ = {isa = PBXBuildFile; fileRef = E8EBE5D42760FB2500CE5FAD /* 0689MaxSumOfThreeSubarrays.swift */; };
		E8F8402B27737CF4002CA50B /* 0686RepeatedStringMatch.swift in Sources */ = {isa = PBXBuildFile; fileRef = E8F8402A27737CF4002CA50B /* 0686RepeatedStringMatch.swift */; };
		E8F8402D277848D8002CA50B /* 0022GenerateParenthesis.swift in Sources */ = {isa = PBXBuildFile; fileRef = E8F8402C277848D8002CA50B /* 0022GenerateParenthesis.swift */; };
		E8F8402F2778588D002CA50B /* 1078FindOcurrences.swift in Sources */ = {isa = PBXBuildFile; fileRef = E8F8402E2778588D002CA50B /* 1078FindOcurrences.swift */; };
		E8F84031277866C9002CA50B /* 0011MaxArea.swift in Sources */ = {isa = PBXBuildFile; fileRef = E8F84030277866C9002CA50B /* 0011MaxArea.swift */; };
		E8F8403327786C57002CA50B /* Offer53Search.swift in Sources */ = {isa = PBXBuildFile; fileRef = E8F8403227786C57002CA50B /* Offer53Search.swift */; };
		E8F8403527786D5E002CA50B /* Offer53MissingNumber.swift in Sources */ = {isa = PBXBuildFile; fileRef = E8F8403427786D5E002CA50B /* Offer53MissingNumber.swift */; };
		E8F8403727789958002CA50B /* 0146LRUCache.swift in Sources */ = {isa = PBXBuildFile; fileRef = E8F8403627789958002CA50B /* 0146LRUCache.swift */; };
		E8FF7AE827874A6900D0252A /* 1614MaxDepth.swift in Sources */ = {isa = PBXBuildFile; fileRef = E8FF7AE727874A6900D0252A /* 1614MaxDepth.swift */; };
/* End PBXBuildFile section */

/* Begin PBXFileReference section */
		E804FB7027625E3800C3698F /* 0794ValidTicTacToe.swift */ = {isa = PBXFileReference; lastKnownFileType = sourcecode.swift; path = 0794ValidTicTacToe.swift; sourceTree = "<group>"; };
		E804FB722763986400C3698F /* 0748ShortestCompletingWord.swift */ = {isa = PBXFileReference; lastKnownFileType = sourcecode.swift; path = 0748ShortestCompletingWord.swift; sourceTree = "<group>"; };
		E80F514F277A12080036574F /* 0825NumFriendRequests.swift */ = {isa = PBXFileReference; lastKnownFileType = sourcecode.swift; path = 0825NumFriendRequests.swift; sourceTree = "<group>"; };
		E814C996278979E50094F9A3 /* 0089GrayCode.swift */ = {isa = PBXFileReference; lastKnownFileType = sourcecode.swift; path = 0089GrayCode.swift; sourceTree = "<group>"; };
		E81BEE6C2798800E0099120E /* Offer57TwoSum.swift */ = {isa = PBXFileReference; lastKnownFileType = sourcecode.swift; path = Offer57TwoSum.swift; sourceTree = "<group>"; };
		E81BEE6E279BF9CE0099120E /* Offer54kthLargest.swift */ = {isa = PBXFileReference; lastKnownFileType = sourcecode.swift; path = Offer54kthLargest.swift; sourceTree = "<group>"; };
		E823B032274E8665007FE15C /* 0077Combine.swift */ = {isa = PBXFileReference; lastKnownFileType = sourcecode.swift; path = 0077Combine.swift; sourceTree = "<group>"; };
		E823B036274E9C5F007FE15C /* 0458PoorPigs.swift */ = {isa = PBXFileReference; lastKnownFileType = sourcecode.swift; path = 0458PoorPigs.swift; sourceTree = "<group>"; };
		E823B038274FD3FB007FE15C /* 0005LongestPalindrome.swift */ = {isa = PBXFileReference; lastKnownFileType = sourcecode.swift; path = 0005LongestPalindrome.swift; sourceTree = "<group>"; };
		E823B03A274FF178007FE15C /* 0700SearchBST.swift */ = {isa = PBXFileReference; lastKnownFileType = sourcecode.swift; path = 0700SearchBST.swift; sourceTree = "<group>"; };
		E823B03C274FF430007FE15C /* TreeNode.swift */ = {isa = PBXFileReference; lastKnownFileType = sourcecode.swift; path = TreeNode.swift; sourceTree = "<group>"; };
		E823B044274FFD52007FE15C /* StringExtension.swift */ = {isa = PBXFileReference; lastKnownFileType = sourcecode.swift; path = StringExtension.swift; sourceTree = "<group>"; };
		E823B04627551A17007FE15C /* 0786KthSmallestPrimeFraction.swift */ = {isa = PBXFileReference; lastKnownFileType = sourcecode.swift; path = 0786KthSmallestPrimeFraction.swift; sourceTree = "<group>"; };
		E823B04A2757BB5C007FE15C /* 1446MaxPower.swift */ = {isa = PBXFileReference; lastKnownFileType = sourcecode.swift; path = 1446MaxPower.swift; sourceTree = "<group>"; };
		E82AC1F327D5DB8600AE0AD3 /* 0124MaxPathSum.swift */ = {isa = PBXFileReference; lastKnownFileType = sourcecode.swift; path = 0124MaxPathSum.swift; sourceTree = "<group>"; };
		E82AC1F527D5E38400AE0AD3 /* 0105BuildTree.swift */ = {isa = PBXFileReference; lastKnownFileType = sourcecode.swift; path = 0105BuildTree.swift; sourceTree = "<group>"; };
		E832A0D227E38A3B00689715 /* 0096NumTrees.swift */ = {isa = PBXFileReference; lastKnownFileType = sourcecode.swift; path = 0096NumTrees.swift; sourceTree = "<group>"; };
		E832A0D427E39A9000689715 /* 0543DiameterOfBinaryTree.swift */ = {isa = PBXFileReference; lastKnownFileType = sourcecode.swift; path = 0543DiameterOfBinaryTree.swift; sourceTree = "<group>"; };
		E832A0D627E3A05300689715 /* 0226InvertTree.swift */ = {isa = PBXFileReference; lastKnownFileType = sourcecode.swift; path = 0226InvertTree.swift; sourceTree = "<group>"; };
		E832A0D827E3A11A00689715 /* 0104MaxDepth.swift */ = {isa = PBXFileReference; lastKnownFileType = sourcecode.swift; path = 0104MaxDepth.swift; sourceTree = "<group>"; };
		E832A0DA27E3A20C00689715 /* 0101IsSymmetric.swift */ = {isa = PBXFileReference; lastKnownFileType = sourcecode.swift; path = 0101IsSymmetric.swift; sourceTree = "<group>"; };
		E832A0DC27E3A5B800689715 /* 0236LowestCommonAncestor.swift */ = {isa = PBXFileReference; lastKnownFileType = sourcecode.swift; path = 0236LowestCommonAncestor.swift; sourceTree = "<group>"; };
		E83965C127C50A4B00A5A280 /* 0143ReOrderList.swift */ = {isa = PBXFileReference; lastKnownFileType = sourcecode.swift; path = 0143ReOrderList.swift; sourceTree = "<group>"; };
		E83965C327C719FC00A5A280 /* 0021MergeTwoLists.swift */ = {isa = PBXFileReference; lastKnownFileType = sourcecode.swift; path = 0021MergeTwoLists.swift; sourceTree = "<group>"; };
		E83965C527CF438400A5A280 /* TailFactorial.swift */ = {isa = PBXFileReference; lastKnownFileType = sourcecode.swift; path = TailFactorial.swift; sourceTree = "<group>"; };
		E83D35B027E8AEB700D408BB /* 0349Intersection.swift */ = {isa = PBXFileReference; lastKnownFileType = sourcecode.swift; path = 0349Intersection.swift; sourceTree = "<group>"; };
		E840C79C2789E10A007BFB33 /* 0103ZigzagLevelOrder.swift */ = {isa = PBXFileReference; lastKnownFileType = sourcecode.swift; path = 0103ZigzagLevelOrder.swift; sourceTree = "<group>"; };
		E840C79E2789E71A007BFB33 /* 0092ReverseBetween.swift */ = {isa = PBXFileReference; lastKnownFileType = sourcecode.swift; path = 0092ReverseBetween.swift; sourceTree = "<group>"; };
		E840C7A02789E729007BFB33 /* ListNode.swift */ = {isa = PBXFileReference; lastKnownFileType = sourcecode.swift; path = ListNode.swift; sourceTree = "<group>"; };
		E840C7A2278B37B6007BFB33 /* 1629SlowestKey.swift */ = {isa = PBXFileReference; lastKnownFileType = sourcecode.swift; path = 1629SlowestKey.swift; sourceTree = "<group>"; };
		E840C7A4278C85CD007BFB33 /* 0306IsAdditiveNumber.swift */ = {isa = PBXFileReference; lastKnownFileType = sourcecode.swift; path = 0306IsAdditiveNumber.swift; sourceTree = "<group>"; };
		E840C7A6278C8B78007BFB33 /* Offer11MinArray.swift */ = {isa = PBXFileReference; lastKnownFileType = sourcecode.swift; path = Offer11MinArray.swift; sourceTree = "<group>"; };
		E840C7A8278C9313007BFB33 /* Offer50FirstUniqChar.swift */ = {isa = PBXFileReference; lastKnownFileType = sourcecode.swift; path = Offer50FirstUniqChar.swift; sourceTree = "<group>"; };
		E840C7AA278C9506007BFB33 /* Offer32LevelOrder.swift */ = {isa = PBXFileReference; lastKnownFileType = sourcecode.swift; path = Offer32LevelOrder.swift; sourceTree = "<group>"; };
		E840C7AC278C98CF007BFB33 /* Offer10Fib.swift */ = {isa = PBXFileReference; lastKnownFileType = sourcecode.swift; path = Offer10Fib.swift; sourceTree = "<group>"; };
		E840C7AE278C9B2C007BFB33 /* Offer10NumWays.swift */ = {isa = PBXFileReference; lastKnownFileType = sourcecode.swift; path = Offer10NumWays.swift; sourceTree = "<group>"; };
		E840C7B0278C9EE8007BFB33 /* Offer63MaxProfit.swift */ = {isa = PBXFileReference; lastKnownFileType = sourcecode.swift; path = Offer63MaxProfit.swift; sourceTree = "<group>"; };
		E8421E0D278DE32D0062FD23 /* 0334IncreasingTriplet.swift */ = {isa = PBXFileReference; lastKnownFileType = sourcecode.swift; path = 0334IncreasingTriplet.swift; sourceTree = "<group>"; };
		E8421E0F278DE76C0062FD23 /* Offer42MaxSubArray.swift */ = {isa = PBXFileReference; lastKnownFileType = sourcecode.swift; path = Offer42MaxSubArray.swift; sourceTree = "<group>"; };
		E84E207C27931FA700137F5E /* 1716TotalMoney.swift */ = {isa = PBXFileReference; lastKnownFileType = sourcecode.swift; path = 1716TotalMoney.swift; sourceTree = "<group>"; };
		E84E207E27946E1500137F5E /* 0382GetRandom.swift */ = {isa = PBXFileReference; lastKnownFileType = sourcecode.swift; path = 0382GetRandom.swift; sourceTree = "<group>"; };
		E84E20A22795C53C00137F5E /* 1220CountVowelPermutation.swift */ = {isa = PBXFileReference; lastKnownFileType = sourcecode.swift; path = 1220CountVowelPermutation.swift; sourceTree = "<group>"; };
		E85B7E4327D8FDAC008AD9F0 /* 0200NumIslands.swift */ = {isa = PBXFileReference; lastKnownFileType = sourcecode.swift; path = 0200NumIslands.swift; sourceTree = "<group>"; };
		E85F2AA91F8E58DF0020A2FF /* 0002AddTwo Numbers.swift */ = {isa = PBXFileReference; fileEncoding = 4; lastKnownFileType = sourcecode.swift; path = "0002AddTwo Numbers.swift"; sourceTree = "<group>"; };
		E85F2AAB1F8E58DF0020A2FF /* 0001TwoSum.swift */ = {isa = PBXFileReference; fileEncoding = 4; lastKnownFileType = sourcecode.swift; path = 0001TwoSum.swift; sourceTree = "<group>"; };
		E85F928E27985C4C0045C1D4 /* 0219ContainsNearbyDuplicate.swift */ = {isa = PBXFileReference; lastKnownFileType = sourcecode.swift; path = 0219ContainsNearbyDuplicate.swift; sourceTree = "<group>"; };
		E85F9290279860E60045C1D4 /* Offer27MirrorTree.swift */ = {isa = PBXFileReference; lastKnownFileType = sourcecode.swift; path = Offer27MirrorTree.swift; sourceTree = "<group>"; };
		E85F9294279861D00045C1D4 /* Offer28IsSymmetric.swift */ = {isa = PBXFileReference; lastKnownFileType = sourcecode.swift; path = Offer28IsSymmetric.swift; sourceTree = "<group>"; };
		E85F9296279866750045C1D4 /* Offer18DeleteNode.swift */ = {isa = PBXFileReference; lastKnownFileType = sourcecode.swift; path = Offer18DeleteNode.swift; sourceTree = "<group>"; };
		E85F929827986A040045C1D4 /* Offer22GetKthFromEnd.swift */ = {isa = PBXFileReference; lastKnownFileType = sourcecode.swift; path = Offer22GetKthFromEnd.swift; sourceTree = "<group>"; };
		E85F929A279870050045C1D4 /* Offer25MergeTwoLists.swift */ = {isa = PBXFileReference; lastKnownFileType = sourcecode.swift; path = Offer25MergeTwoLists.swift; sourceTree = "<group>"; };
		E85F929C2798744D0045C1D4 /* Offer52GetIntersectionNode.swift */ = {isa = PBXFileReference; lastKnownFileType = sourcecode.swift; path = Offer52GetIntersectionNode.swift; sourceTree = "<group>"; };
		E86A3F901F28DF51007D44F2 /* Practice.xctest */ = {isa = PBXFileReference; explicitFileType = wrapper.cfbundle; includeInIndex = 0; path = Practice.xctest; sourceTree = BUILT_PRODUCTS_DIR; };
		E86A3F941F28DF51007D44F2 /* Info.plist */ = {isa = PBXFileReference; lastKnownFileType = text.plist.xml; path = Info.plist; sourceTree = "<group>"; };
		E86A3F9A1F28E8A6007D44F2 /* README.md */ = {isa = PBXFileReference; fileEncoding = 4; lastKnownFileType = net.daringfireball.markdown; name = README.md; path = ../README.md; sourceTree = "<group>"; };
		E86A3F9C1F28E8AB007D44F2 /* LICENSE */ = {isa = PBXFileReference; fileEncoding = 4; lastKnownFileType = text; name = LICENSE; path = ../LICENSE; sourceTree = "<group>"; };
		E86EBE06278602E9002A40A5 /* 0104LevelOrder.swift */ = {isa = PBXFileReference; lastKnownFileType = sourcecode.swift; path = 0104LevelOrder.swift; sourceTree = "<group>"; };
		E86EBE0827873673002A40A5 /* 0071SimplifyPath.swift */ = {isa = PBXFileReference; lastKnownFileType = sourcecode.swift; path = 0071SimplifyPath.swift; sourceTree = "<group>"; };
		E86EBE0A278738E7002A40A5 /* 0199RightSideView.swift */ = {isa = PBXFileReference; lastKnownFileType = sourcecode.swift; path = 0199RightSideView.swift; sourceTree = "<group>"; };
		E86F2C492770D2E9009F54D0 /* 0475FindRadius.swift */ = {isa = PBXFileReference; lastKnownFileType = sourcecode.swift; path = 0475FindRadius.swift; sourceTree = "<group>"; };
		E87A7CAA277CADF2009A9511 /* 1995CountQuadruplets.swift */ = {isa = PBXFileReference; lastKnownFileType = sourcecode.swift; path = 1995CountQuadruplets.swift; sourceTree = "<group>"; };
		E87A7CAC277CBC33009A9511 /* 0046Permute.swift */ = {isa = PBXFileReference; lastKnownFileType = sourcecode.swift; path = 0046Permute.swift; sourceTree = "<group>"; };
		E87A7CAE27802C30009A9511 /* 2022Construct2DArray.swift */ = {isa = PBXFileReference; lastKnownFileType = sourcecode.swift; path = 2022Construct2DArray.swift; sourceTree = "<group>"; };
		E87A7CB02780338C009A9511 /* 0033Search.swift */ = {isa = PBXFileReference; lastKnownFileType = sourcecode.swift; path = 0033Search.swift; sourceTree = "<group>"; };
		E87A7CB2278059D9009A9511 /* 0056Merge.swift */ = {isa = PBXFileReference; lastKnownFileType = sourcecode.swift; path = 0056Merge.swift; sourceTree = "<group>"; };
		E87A7CB42781F761009A9511 /* 0390LastRemaining.swift */ = {isa = PBXFileReference; lastKnownFileType = sourcecode.swift; path = 0390LastRemaining.swift; sourceTree = "<group>"; };
		E87A7CB62782FE5D009A9511 /* 1185DayOfTheWeek.swift */ = {isa = PBXFileReference; lastKnownFileType = sourcecode.swift; path = 1185DayOfTheWeek.swift; sourceTree = "<group>"; };
		E87A7CB82783418F009A9511 /* Offer04FindNumberIn2DArray.swift */ = {isa = PBXFileReference; lastKnownFileType = sourcecode.swift; path = Offer04FindNumberIn2DArray.swift; sourceTree = "<group>"; };
		E87A7CBC27849C74009A9511 /* 0031NextPermutation.swift */ = {isa = PBXFileReference; lastKnownFileType = sourcecode.swift; path = 0031NextPermutation.swift; sourceTree = "<group>"; };
		E87A7CBE2784AA25009A9511 /* 1576ModifyString.swift */ = {isa = PBXFileReference; lastKnownFileType = sourcecode.swift; path = 1576ModifyString.swift; sourceTree = "<group>"; };
		E88789D727987D4A005714E5 /* Offer21Exchange.swift */ = {isa = PBXFileReference; lastKnownFileType = sourcecode.swift; path = Offer21Exchange.swift; sourceTree = "<group>"; };
		E889654F2768E7D5002DAF94 /* 0630ScheduleCourse.swift */ = {isa = PBXFileReference; lastKnownFileType = sourcecode.swift; path = 0630ScheduleCourse.swift; sourceTree = "<group>"; };
		E8A01F2127DF93F4003F1A90 /* 0152MaxProduct.swift */ = {isa = PBXFileReference; lastKnownFileType = sourcecode.swift; path = 0152MaxProduct.swift; sourceTree = "<group>"; };
		E8A01F2327DF9836003F1A90 /* 0148SortList.swift */ = {isa = PBXFileReference; fileEncoding = 4; lastKnownFileType = sourcecode.swift; path = 0148SortList.swift; sourceTree = "<group>"; };
		E8A01F2427DF9836003F1A90 /* 0038SpiralOrder.swift */ = {isa = PBXFileReference; fileEncoding = 4; lastKnownFileType = sourcecode.swift; path = 0038SpiralOrder.swift; sourceTree = "<group>"; };
		E8A01F2527DF9836003F1A90 /* 0003LengthOfLongestSubstring.swift */ = {isa = PBXFileReference; fileEncoding = 4; lastKnownFileType = sourcecode.swift; path = 0003LengthOfLongestSubstring.swift; sourceTree = "<group>"; };
		E8A01F2627DF9836003F1A90 /* 0198Rob.swift */ = {isa = PBXFileReference; fileEncoding = 4; lastKnownFileType = sourcecode.swift; path = 0198Rob.swift; sourceTree = "<group>"; };
		E8A01F2727DF9836003F1A90 /* 0024SwapPairs.swift */ = {isa = PBXFileReference; fileEncoding = 4; lastKnownFileType = sourcecode.swift; path = 0024SwapPairs.swift; sourceTree = "<group>"; };
		E8A01F2827DF9836003F1A90 /* 0347TopKFrequent.swift */ = {isa = PBXFileReference; fileEncoding = 4; lastKnownFileType = sourcecode.swift; path = 0347TopKFrequent.swift; sourceTree = "<group>"; };
		E8A01F2927DF9836003F1A90 /* 0019RemoveNthFromEnd.swift */ = {isa = PBXFileReference; fileEncoding = 4; lastKnownFileType = sourcecode.swift; path = 0019RemoveNthFromEnd.swift; sourceTree = "<group>"; };
		E8A01F2A27DF9836003F1A90 /* 0704Search.swift */ = {isa = PBXFileReference; fileEncoding = 4; lastKnownFileType = sourcecode.swift; path = 0704Search.swift; sourceTree = "<group>"; };
		E8A01F2B27DF9836003F1A90 /* 0070ClimbStairs.swift */ = {isa = PBXFileReference; fileEncoding = 4; lastKnownFileType = sourcecode.swift; path = 0070ClimbStairs.swift; sourceTree = "<group>"; };
		E8A01F2C27DF9836003F1A90 /* 0121MaxProfit.swift */ = {isa = PBXFileReference; fileEncoding = 4; lastKnownFileType = sourcecode.swift; path = 0121MaxProfit.swift; sourceTree = "<group>"; };
		E8A01F2D27DF9836003F1A90 /* 0076Exist.swift */ = {isa = PBXFileReference; fileEncoding = 4; lastKnownFileType = sourcecode.swift; path = 0076Exist.swift; sourceTree = "<group>"; };
		E8A72150279C0D6900815D41 /* Offer61IsStraight.swift */ = {isa = PBXFileReference; lastKnownFileType = sourcecode.swift; path = Offer61IsStraight.swift; sourceTree = "<group>"; };
		E8A72152279C11E600815D41 /* Offer40GetLeastNumbers.swift */ = {isa = PBXFileReference; lastKnownFileType = sourcecode.swift; path = Offer40GetLeastNumbers.swift; sourceTree = "<group>"; };
		E8A72154279C266C00815D41 /* Offer55MaxDepth.swift */ = {isa = PBXFileReference; lastKnownFileType = sourcecode.swift; path = Offer55MaxDepth.swift; sourceTree = "<group>"; };
		E8A72156279C286C00815D41 /* 1332RemovePalindromeSub.swift */ = {isa = PBXFileReference; lastKnownFileType = sourcecode.swift; path = 1332RemovePalindromeSub.swift; sourceTree = "<group>"; };
		E8A72158279C2D1100815D41 /* Offer64SumNums.swift */ = {isa = PBXFileReference; lastKnownFileType = sourcecode.swift; path = Offer64SumNums.swift; sourceTree = "<group>"; };
		E8A7215A279C464E00815D41 /* 0237DeleteNode.swift */ = {isa = PBXFileReference; lastKnownFileType = sourcecode.swift; path = 0237DeleteNode.swift; sourceTree = "<group>"; };
		E8A7215C279C47FF00815D41 /* Offer024ReverseList.swift */ = {isa = PBXFileReference; lastKnownFileType = sourcecode.swift; path = Offer024ReverseList.swift; sourceTree = "<group>"; };
		E8A7215E279C4CB100815D41 /* 0141HasCycle.swift */ = {isa = PBXFileReference; lastKnownFileType = sourcecode.swift; path = 0141HasCycle.swift; sourceTree = "<group>"; };
		E8B83878276C472F005DCEC1 /* 1518NumWaterBottles.swift */ = {isa = PBXFileReference; lastKnownFileType = sourcecode.swift; path = 1518NumWaterBottles.swift; sourceTree = "<group>"; };
		E8C7A81D278CA279001A31C3 /* Offer26IsSubStructure.swift */ = {isa = PBXFileReference; lastKnownFileType = sourcecode.swift; path = Offer26IsSubStructure.swift; sourceTree = "<group>"; };
		E8C7A81F278DD32E001A31C3 /* Offer48LengthOfLongestSubstring.swift */ = {isa = PBXFileReference; lastKnownFileType = sourcecode.swift; path = Offer48LengthOfLongestSubstring.swift; sourceTree = "<group>"; };
		E8CC3F5527BDF4F60038F1CE /* Offer15HammingWeight.swift */ = {isa = PBXFileReference; fileEncoding = 4; lastKnownFileType = sourcecode.swift; path = Offer15HammingWeight.swift; sourceTree = "<group>"; };
		E8CC3F5727BDF52F0038F1CE /* 0053MaxSubArray.swift */ = {isa = PBXFileReference; lastKnownFileType = sourcecode.swift; path = 0053MaxSubArray.swift; sourceTree = "<group>"; };
		E8D1C2B327F06ACE00796F3E /* 0014LongestCommonPrefix.swift */ = {isa = PBXFileReference; fileEncoding = 4; lastKnownFileType = sourcecode.swift; path = 0014LongestCommonPrefix.swift; sourceTree = "<group>"; };
		E8D1C2B427F06ACE00796F3E /* 0912QuickSort.swift */ = {isa = PBXFileReference; fileEncoding = 4; lastKnownFileType = sourcecode.swift; path = 0912QuickSort.swift; sourceTree = "<group>"; };
		E8D5CA54276798DC00F6A63A /* Offer47MaxValue.swift */ = {isa = PBXFileReference; lastKnownFileType = sourcecode.swift; path = Offer47MaxValue.swift; sourceTree = "<group>"; };
		E8E9EA2A1F2B62EB00B522B6 /* LinkNode.swift */ = {isa = PBXFileReference; fileEncoding = 4; lastKnownFileType = sourcecode.swift; path = LinkNode.swift; sourceTree = "<group>"; };
		E8EBE5BE2757C03B00CE5FAD /* 0400FindNthDigit.swift */ = {isa = PBXFileReference; lastKnownFileType = sourcecode.swift; path = 0400FindNthDigit.swift; sourceTree = "<group>"; };
		E8EBE5C02757E3B000CE5FAD /* Offer33VerifyPostorder.swift */ = {isa = PBXFileReference; lastKnownFileType = sourcecode.swift; path = Offer33VerifyPostorder.swift; sourceTree = "<group>"; };
		E8EBE5C22757E72D00CE5FAD /* 506FindRelativeRanks.swift */ = {isa = PBXFileReference; lastKnownFileType = sourcecode.swift; path = 506FindRelativeRanks.swift; sourceTree = "<group>"; };
		E8EBE5C42759151100CE5FAD /* Offer34PathSum.swift */ = {isa = PBXFileReference; lastKnownFileType = sourcecode.swift; path = Offer34PathSum.swift; sourceTree = "<group>"; };
		E8EBE5C6275926CA00CE5FAD /* 1005LargestSumAfterKNegations.swift */ = {isa = PBXFileReference; lastKnownFileType = sourcecode.swift; path = 1005LargestSumAfterKNegations.swift; sourceTree = "<group>"; };
		E8EBE5C8275A82AE00CE5FAD /* 0383CanConstruct.swift */ = {isa = PBXFileReference; lastKnownFileType = sourcecode.swift; path = 0383CanConstruct.swift; sourceTree = "<group>"; };
		E8EBE5CA275B57DF00CE5FAD /* Offer45MinNumber.swift */ = {isa = PBXFileReference; lastKnownFileType = sourcecode.swift; path = Offer45MinNumber.swift; sourceTree = "<group>"; };
		E8EBE5CC275B861900CE5FAD /* Offer46TranslateNum.swift */ = {isa = PBXFileReference; lastKnownFileType = sourcecode.swift; path = Offer46TranslateNum.swift; sourceTree = "<group>"; };
		E8EBE5CE275C587F00CE5FAD /* 0372SuperPow.swift */ = {isa = PBXFileReference; lastKnownFileType = sourcecode.swift; path = 0372SuperPow.swift; sourceTree = "<group>"; };
		E8EBE5D0275E60D800CE5FAD /* Offer09CQueue.swift */ = {isa = PBXFileReference; lastKnownFileType = sourcecode.swift; path = Offer09CQueue.swift; sourceTree = "<group>"; };
		E8EBE5D2275E626E00CE5FAD /* Offer30MinStack.swift */ = {isa = PBXFileReference; lastKnownFileType = sourcecode.swift; path = Offer30MinStack.swift; sourceTree = "<group>"; };
		E8EBE5D42760FB2500CE5FAD /* 0689MaxSumOfThreeSubarrays.swift */ = {isa = PBXFileReference; lastKnownFileType = sourcecode.swift; path = 0689MaxSumOfThreeSubarrays.swift; sourceTree = "<group>"; };
		E8F8402A27737CF4002CA50B /* 0686RepeatedStringMatch.swift */ = {isa = PBXFileReference; lastKnownFileType = sourcecode.swift; path = 0686RepeatedStringMatch.swift; sourceTree = "<group>"; };
		E8F8402C277848D8002CA50B /* 0022GenerateParenthesis.swift */ = {isa = PBXFileReference; lastKnownFileType = sourcecode.swift; path = 0022GenerateParenthesis.swift; sourceTree = "<group>"; };
		E8F8402E2778588D002CA50B /* 1078FindOcurrences.swift */ = {isa = PBXFileReference; lastKnownFileType = sourcecode.swift; path = 1078FindOcurrences.swift; sourceTree = "<group>"; };
		E8F84030277866C9002CA50B /* 0011MaxArea.swift */ = {isa = PBXFileReference; lastKnownFileType = sourcecode.swift; path = 0011MaxArea.swift; sourceTree = "<group>"; };
		E8F8403227786C57002CA50B /* Offer53Search.swift */ = {isa = PBXFileReference; lastKnownFileType = sourcecode.swift; path = Offer53Search.swift; sourceTree = "<group>"; };
		E8F8403427786D5E002CA50B /* Offer53MissingNumber.swift */ = {isa = PBXFileReference; lastKnownFileType = sourcecode.swift; path = Offer53MissingNumber.swift; sourceTree = "<group>"; };
		E8F8403627789958002CA50B /* 0146LRUCache.swift */ = {isa = PBXFileReference; lastKnownFileType = sourcecode.swift; path = 0146LRUCache.swift; sourceTree = "<group>"; };
		E8FF7AE727874A6900D0252A /* 1614MaxDepth.swift */ = {isa = PBXFileReference; lastKnownFileType = sourcecode.swift; path = 1614MaxDepth.swift; sourceTree = "<group>"; };
/* End PBXFileReference section */

/* Begin PBXFrameworksBuildPhase section */
		E86A3F8D1F28DF51007D44F2 /* Frameworks */ = {
			isa = PBXFrameworksBuildPhase;
			buildActionMask = 2147483647;
			files = (
			);
			runOnlyForDeploymentPostprocessing = 0;
		};
/* End PBXFrameworksBuildPhase section */

/* Begin PBXGroup section */
		E86A3F691F28DE78007D44F2 = {
			isa = PBXGroup;
			children = (
				E86A3F9C1F28E8AB007D44F2 /* LICENSE */,
				E86A3F9A1F28E8A6007D44F2 /* README.md */,
				E8E9EA291F2B628B00B522B6 /* Tools */,
				E86A3F911F28DF51007D44F2 /* Practice */,
				E86A3F751F28DE98007D44F2 /* Products */,
			);
			sourceTree = "<group>";
		};
		E86A3F751F28DE98007D44F2 /* Products */ = {
			isa = PBXGroup;
			children = (
				E86A3F901F28DF51007D44F2 /* Practice.xctest */,
			);
			name = Products;
			sourceTree = "<group>";
		};
		E86A3F911F28DF51007D44F2 /* Practice */ = {
			isa = PBXGroup;
			children = (
				E85F2AAB1F8E58DF0020A2FF /* 0001TwoSum.swift */,
				E85F2AA91F8E58DF0020A2FF /* 0002AddTwo Numbers.swift */,
				E8A01F2527DF9836003F1A90 /* 0003LengthOfLongestSubstring.swift */,
				E823B038274FD3FB007FE15C /* 0005LongestPalindrome.swift */,
				E8F84030277866C9002CA50B /* 0011MaxArea.swift */,
				E8D1C2B327F06ACE00796F3E /* 0014LongestCommonPrefix.swift */,
				E8A01F2927DF9836003F1A90 /* 0019RemoveNthFromEnd.swift */,
				E83965C327C719FC00A5A280 /* 0021MergeTwoLists.swift */,
				E8F8402C277848D8002CA50B /* 0022GenerateParenthesis.swift */,
				E8A01F2727DF9836003F1A90 /* 0024SwapPairs.swift */,
				E87A7CBC27849C74009A9511 /* 0031NextPermutation.swift */,
				E87A7CB02780338C009A9511 /* 0033Search.swift */,
				E8A01F2427DF9836003F1A90 /* 0038SpiralOrder.swift */,
				E87A7CAC277CBC33009A9511 /* 0046Permute.swift */,
				E8CC3F5727BDF52F0038F1CE /* 0053MaxSubArray.swift */,
				E87A7CB2278059D9009A9511 /* 0056Merge.swift */,
				E8A01F2B27DF9836003F1A90 /* 0070ClimbStairs.swift */,
				E86EBE0827873673002A40A5 /* 0071SimplifyPath.swift */,
				E8A01F2D27DF9836003F1A90 /* 0076Exist.swift */,
				E823B032274E8665007FE15C /* 0077Combine.swift */,
				E814C996278979E50094F9A3 /* 0089GrayCode.swift */,
				E840C79E2789E71A007BFB33 /* 0092ReverseBetween.swift */,
				E832A0D227E38A3B00689715 /* 0096NumTrees.swift */,
				E832A0DA27E3A20C00689715 /* 0101IsSymmetric.swift */,
				E840C79C2789E10A007BFB33 /* 0103ZigzagLevelOrder.swift */,
				E86EBE06278602E9002A40A5 /* 0104LevelOrder.swift */,
				E832A0D827E3A11A00689715 /* 0104MaxDepth.swift */,
				E82AC1F527D5E38400AE0AD3 /* 0105BuildTree.swift */,
				E8A01F2C27DF9836003F1A90 /* 0121MaxProfit.swift */,
				E82AC1F327D5DB8600AE0AD3 /* 0124MaxPathSum.swift */,
				E8A7215E279C4CB100815D41 /* 0141HasCycle.swift */,
				E83965C127C50A4B00A5A280 /* 0143ReOrderList.swift */,
				E8F8403627789958002CA50B /* 0146LRUCache.swift */,
				E8A01F2327DF9836003F1A90 /* 0148SortList.swift */,
				E8A01F2127DF93F4003F1A90 /* 0152MaxProduct.swift */,
				E8A01F2627DF9836003F1A90 /* 0198Rob.swift */,
				E86EBE0A278738E7002A40A5 /* 0199RightSideView.swift */,
				E85B7E4327D8FDAC008AD9F0 /* 0200NumIslands.swift */,
				E85F928E27985C4C0045C1D4 /* 0219ContainsNearbyDuplicate.swift */,
				E832A0D627E3A05300689715 /* 0226InvertTree.swift */,
				E832A0DC27E3A5B800689715 /* 0236LowestCommonAncestor.swift */,
				E8A7215A279C464E00815D41 /* 0237DeleteNode.swift */,
				E840C7A4278C85CD007BFB33 /* 0306IsAdditiveNumber.swift */,
				E8421E0D278DE32D0062FD23 /* 0334IncreasingTriplet.swift */,
				E8A01F2827DF9836003F1A90 /* 0347TopKFrequent.swift */,
				E83D35B027E8AEB700D408BB /* 0349Intersection.swift */,
				E8EBE5CE275C587F00CE5FAD /* 0372SuperPow.swift */,
				E84E207E27946E1500137F5E /* 0382GetRandom.swift */,
				E8EBE5C8275A82AE00CE5FAD /* 0383CanConstruct.swift */,
				E87A7CB42781F761009A9511 /* 0390LastRemaining.swift */,
				E8EBE5BE2757C03B00CE5FAD /* 0400FindNthDigit.swift */,
				E823B036274E9C5F007FE15C /* 0458PoorPigs.swift */,
				E86F2C492770D2E9009F54D0 /* 0475FindRadius.swift */,
				E8EBE5C22757E72D00CE5FAD /* 506FindRelativeRanks.swift */,
				E832A0D427E39A9000689715 /* 0543DiameterOfBinaryTree.swift */,
				E889654F2768E7D5002DAF94 /* 0630ScheduleCourse.swift */,
				E8F8402A27737CF4002CA50B /* 0686RepeatedStringMatch.swift */,
				E8EBE5D42760FB2500CE5FAD /* 0689MaxSumOfThreeSubarrays.swift */,
				E823B03A274FF178007FE15C /* 0700SearchBST.swift */,
				E8A01F2A27DF9836003F1A90 /* 0704Search.swift */,
				E804FB722763986400C3698F /* 0748ShortestCompletingWord.swift */,
				E823B04627551A17007FE15C /* 0786KthSmallestPrimeFraction.swift */,
				E804FB7027625E3800C3698F /* 0794ValidTicTacToe.swift */,
				E80F514F277A12080036574F /* 0825NumFriendRequests.swift */,
				E8D1C2B427F06ACE00796F3E /* 0912QuickSort.swift */,
				E8EBE5C6275926CA00CE5FAD /* 1005LargestSumAfterKNegations.swift */,
				E8F8402E2778588D002CA50B /* 1078FindOcurrences.swift */,
				E87A7CB62782FE5D009A9511 /* 1185DayOfTheWeek.swift */,
				E84E20A22795C53C00137F5E /* 1220CountVowelPermutation.swift */,
				E8A72156279C286C00815D41 /* 1332RemovePalindromeSub.swift */,
				E823B04A2757BB5C007FE15C /* 1446MaxPower.swift */,
				E8B83878276C472F005DCEC1 /* 1518NumWaterBottles.swift */,
				E87A7CBE2784AA25009A9511 /* 1576ModifyString.swift */,
				E8FF7AE727874A6900D0252A /* 1614MaxDepth.swift */,
				E840C7A2278B37B6007BFB33 /* 1629SlowestKey.swift */,
				E84E207C27931FA700137F5E /* 1716TotalMoney.swift */,
				E87A7CAA277CADF2009A9511 /* 1995CountQuadruplets.swift */,
				E87A7CAE27802C30009A9511 /* 2022Construct2DArray.swift */,
				E86A3F941F28DF51007D44F2 /* Info.plist */,
				E87A7CB82783418F009A9511 /* Offer04FindNumberIn2DArray.swift */,
				E8EBE5D0275E60D800CE5FAD /* Offer09CQueue.swift */,
				E840C7AC278C98CF007BFB33 /* Offer10Fib.swift */,
				E840C7AE278C9B2C007BFB33 /* Offer10NumWays.swift */,
				E840C7A6278C8B78007BFB33 /* Offer11MinArray.swift */,
				E8CC3F5527BDF4F60038F1CE /* Offer15HammingWeight.swift */,
				E85F9296279866750045C1D4 /* Offer18DeleteNode.swift */,
				E88789D727987D4A005714E5 /* Offer21Exchange.swift */,
				E85F929827986A040045C1D4 /* Offer22GetKthFromEnd.swift */,
				E8A7215C279C47FF00815D41 /* Offer024ReverseList.swift */,
				E85F929A279870050045C1D4 /* Offer25MergeTwoLists.swift */,
				E8C7A81D278CA279001A31C3 /* Offer26IsSubStructure.swift */,
				E85F9290279860E60045C1D4 /* Offer27MirrorTree.swift */,
				E85F9294279861D00045C1D4 /* Offer28IsSymmetric.swift */,
				E8EBE5D2275E626E00CE5FAD /* Offer30MinStack.swift */,
				E840C7AA278C9506007BFB33 /* Offer32LevelOrder.swift */,
				E8EBE5C02757E3B000CE5FAD /* Offer33VerifyPostorder.swift */,
				E8EBE5C42759151100CE5FAD /* Offer34PathSum.swift */,
				E8A72152279C11E600815D41 /* Offer40GetLeastNumbers.swift */,
				E8421E0F278DE76C0062FD23 /* Offer42MaxSubArray.swift */,
				E8EBE5CA275B57DF00CE5FAD /* Offer45MinNumber.swift */,
				E8EBE5CC275B861900CE5FAD /* Offer46TranslateNum.swift */,
				E8D5CA54276798DC00F6A63A /* Offer47MaxValue.swift */,
				E8C7A81F278DD32E001A31C3 /* Offer48LengthOfLongestSubstring.swift */,
				E840C7A8278C9313007BFB33 /* Offer50FirstUniqChar.swift */,
				E85F929C2798744D0045C1D4 /* Offer52GetIntersectionNode.swift */,
				E8F8403427786D5E002CA50B /* Offer53MissingNumber.swift */,
				E8F8403227786C57002CA50B /* Offer53Search.swift */,
				E81BEE6E279BF9CE0099120E /* Offer54kthLargest.swift */,
				E8A72154279C266C00815D41 /* Offer55MaxDepth.swift */,
				E81BEE6C2798800E0099120E /* Offer57TwoSum.swift */,
				E8A72150279C0D6900815D41 /* Offer61IsStraight.swift */,
				E840C7B0278C9EE8007BFB33 /* Offer63MaxProfit.swift */,
				E8A72158279C2D1100815D41 /* Offer64SumNums.swift */,
			);
			path = Practice;
			sourceTree = "<group>";
		};
		E8E9EA291F2B628B00B522B6 /* Tools */ = {
			isa = PBXGroup;
			children = (
				E8E9EA2A1F2B62EB00B522B6 /* LinkNode.swift */,
				E823B03C274FF430007FE15C /* TreeNode.swift */,
				E823B044274FFD52007FE15C /* StringExtension.swift */,
				E840C7A02789E729007BFB33 /* ListNode.swift */,
				E83965C527CF438400A5A280 /* TailFactorial.swift */,
			);
			path = Tools;
			sourceTree = "<group>";
		};
/* End PBXGroup section */

/* Begin PBXNativeTarget section */
		E86A3F8F1F28DF51007D44F2 /* Practice */ = {
			isa = PBXNativeTarget;
			buildConfigurationList = E86A3F951F28DF51007D44F2 /* Build configuration list for PBXNativeTarget "Practice" */;
			buildPhases = (
				E86A3F8C1F28DF51007D44F2 /* Sources */,
				E86A3F8D1F28DF51007D44F2 /* Frameworks */,
				E86A3F8E1F28DF51007D44F2 /* Resources */,
			);
			buildRules = (
			);
			dependencies = (
			);
			name = Practice;
			productName = Practice;
			productReference = E86A3F901F28DF51007D44F2 /* Practice.xctest */;
			productType = "com.apple.product-type.bundle.unit-test";
		};
/* End PBXNativeTarget section */

/* Begin PBXProject section */
		E86A3F6A1F28DE78007D44F2 /* Project object */ = {
			isa = PBXProject;
			attributes = {
				LastSwiftUpdateCheck = 0830;
				LastUpgradeCheck = 0900;
				TargetAttributes = {
					E86A3F8F1F28DF51007D44F2 = {
						CreatedOnToolsVersion = 8.3.3;
						LastSwiftMigration = 0900;
						ProvisioningStyle = Automatic;
					};
				};
			};
			buildConfigurationList = E86A3F6D1F28DE78007D44F2 /* Build configuration list for PBXProject "LeetCodePractice" */;
			compatibilityVersion = "Xcode 3.2";
			developmentRegion = English;
			hasScannedForEncodings = 0;
			knownRegions = (
				English,
				en,
			);
			mainGroup = E86A3F691F28DE78007D44F2;
			productRefGroup = E86A3F751F28DE98007D44F2 /* Products */;
			projectDirPath = "";
			projectRoot = "";
			targets = (
				E86A3F8F1F28DF51007D44F2 /* Practice */,
			);
		};
/* End PBXProject section */

/* Begin PBXResourcesBuildPhase section */
		E86A3F8E1F28DF51007D44F2 /* Resources */ = {
			isa = PBXResourcesBuildPhase;
			buildActionMask = 2147483647;
			files = (
				E86A3F9D1F28E8AB007D44F2 /* LICENSE in Resources */,
			);
			runOnlyForDeploymentPostprocessing = 0;
		};
/* End PBXResourcesBuildPhase section */

/* Begin PBXSourcesBuildPhase section */
		E86A3F8C1F28DF51007D44F2 /* Sources */ = {
			isa = PBXSourcesBuildPhase;
			buildActionMask = 2147483647;
			files = (
				E8EBE5C7275926CA00CE5FAD /* 1005LargestSumAfterKNegations.swift in Sources */,
				E804FB732763986400C3698F /* 0748ShortestCompletingWord.swift in Sources */,
				E87A7CB12780338C009A9511 /* 0033Search.swift in Sources */,
				E823B037274E9C5F007FE15C /* 0458PoorPigs.swift in Sources */,
				E8A01F3727DF9836003F1A90 /* 0121MaxProfit.swift in Sources */,
				E8EBE5BF2757C03B00CE5FAD /* 0400FindNthDigit.swift in Sources */,
				E832A0DD27E3A5B800689715 /* 0236LowestCommonAncestor.swift in Sources */,
				E8A01F3527DF9836003F1A90 /* 0704Search.swift in Sources */,
				E8A01F3127DF9836003F1A90 /* 0198Rob.swift in Sources */,
				E87A7CBD27849C74009A9511 /* 0031NextPermutation.swift in Sources */,
				E8EBE5CB275B57DF00CE5FAD /* Offer45MinNumber.swift in Sources */,
				E8A01F2F27DF9836003F1A90 /* 0038SpiralOrder.swift in Sources */,
				E8C7A81E278CA279001A31C3 /* Offer26IsSubStructure.swift in Sources */,
				E840C7A7278C8B78007BFB33 /* Offer11MinArray.swift in Sources */,
				E8A01F3627DF9836003F1A90 /* 0070ClimbStairs.swift in Sources */,
				E8A72155279C266C00815D41 /* Offer55MaxDepth.swift in Sources */,
				E8F8402D277848D8002CA50B /* 0022GenerateParenthesis.swift in Sources */,
				E85F9295279861D00045C1D4 /* Offer28IsSymmetric.swift in Sources */,
				E84E207D27931FA700137F5E /* 1716TotalMoney.swift in Sources */,
				E86EBE07278602E9002A40A5 /* 0104LevelOrder.swift in Sources */,
				E8A7215B279C464E00815D41 /* 0237DeleteNode.swift in Sources */,
				E85F2AAE1F8E58DF0020A2FF /* 0001TwoSum.swift in Sources */,
				E8EBE5CD275B861900CE5FAD /* Offer46TranslateNum.swift in Sources */,
				E840C7A3278B37B6007BFB33 /* 1629SlowestKey.swift in Sources */,
				E8F8403327786C57002CA50B /* Offer53Search.swift in Sources */,
				E814C997278979E50094F9A3 /* 0089GrayCode.swift in Sources */,
				E832A0D327E38A3B00689715 /* 0096NumTrees.swift in Sources */,
				E8EBE5CF275C587F00CE5FAD /* 0372SuperPow.swift in Sources */,
				E823B03B274FF178007FE15C /* 0700SearchBST.swift in Sources */,
				E82AC1F427D5DB8600AE0AD3 /* 0124MaxPathSum.swift in Sources */,
				E8A01F2227DF93F4003F1A90 /* 0152MaxProduct.swift in Sources */,
				E88965502768E7D5002DAF94 /* 0630ScheduleCourse.swift in Sources */,
				E8EBE5D1275E60D800CE5FAD /* Offer09CQueue.swift in Sources */,
				E8A72153279C11E600815D41 /* Offer40GetLeastNumbers.swift in Sources */,
				E8E9EA2B1F2B62EB00B522B6 /* LinkNode.swift in Sources */,
				E84E207F27946E1500137F5E /* 0382GetRandom.swift in Sources */,
				E8421E10278DE76C0062FD23 /* Offer42MaxSubArray.swift in Sources */,
				E8A01F2E27DF9836003F1A90 /* 0148SortList.swift in Sources */,
				E8EBE5C9275A82AE00CE5FAD /* 0383CanConstruct.swift in Sources */,
				E823B04B2757BB5C007FE15C /* 1446MaxPower.swift in Sources */,
				E8A7215D279C47FF00815D41 /* Offer024ReverseList.swift in Sources */,
				E8FF7AE827874A6900D0252A /* 1614MaxDepth.swift in Sources */,
				E8A72159279C2D1100815D41 /* Offer64SumNums.swift in Sources */,
				E84E20A32795C53C00137F5E /* 1220CountVowelPermutation.swift in Sources */,
				E840C7A12789E729007BFB33 /* ListNode.swift in Sources */,
				E840C7B1278C9EE8007BFB33 /* Offer63MaxProfit.swift in Sources */,
				E823B039274FD3FB007FE15C /* 0005LongestPalindrome.swift in Sources */,
				E8A01F3227DF9836003F1A90 /* 0024SwapPairs.swift in Sources */,
				E832A0D927E3A11A00689715 /* 0104MaxDepth.swift in Sources */,
				E840C7AB278C9506007BFB33 /* Offer32LevelOrder.swift in Sources */,
				E83965C427C719FD00A5A280 /* 0021MergeTwoLists.swift in Sources */,
				E823B045274FFD52007FE15C /* StringExtension.swift in Sources */,
				E823B033274E8665007FE15C /* 0077Combine.swift in Sources */,
				E85F929B279870050045C1D4 /* Offer25MergeTwoLists.swift in Sources */,
				E832A0DB27E3A20C00689715 /* 0101IsSymmetric.swift in Sources */,
				E85F2AAC1F8E58DF0020A2FF /* 0002AddTwo Numbers.swift in Sources */,
				E85F9297279866750045C1D4 /* Offer18DeleteNode.swift in Sources */,
				E8CC3F5827BDF52F0038F1CE /* 0053MaxSubArray.swift in Sources */,
				E823B04727551A17007FE15C /* 0786KthSmallestPrimeFraction.swift in Sources */,
				E85B7E4427D8FDAC008AD9F0 /* 0200NumIslands.swift in Sources */,
				E823B03D274FF430007FE15C /* TreeNode.swift in Sources */,
				E87A7CAD277CBC33009A9511 /* 0046Permute.swift in Sources */,
				E8F8402B27737CF4002CA50B /* 0686RepeatedStringMatch.swift in Sources */,
				E8EBE5D52760FB2500CE5FAD /* 0689MaxSumOfThreeSubarrays.swift in Sources */,
				E86F2C4A2770D2E9009F54D0 /* 0475FindRadius.swift in Sources */,
				E8D5CA55276798DC00F6A63A /* Offer47MaxValue.swift in Sources */,
				E840C7A9278C9313007BFB33 /* Offer50FirstUniqChar.swift in Sources */,
				E832A0D727E3A05300689715 /* 0226InvertTree.swift in Sources */,
				E8EBE5C32757E72D00CE5FAD /* 506FindRelativeRanks.swift in Sources */,
				E8A01F3827DF9836003F1A90 /* 0076Exist.swift in Sources */,
				E87A7CB52781F761009A9511 /* 0390LastRemaining.swift in Sources */,
				E832A0D527E39A9000689715 /* 0543DiameterOfBinaryTree.swift in Sources */,
				E80F5150277A12080036574F /* 0825NumFriendRequests.swift in Sources */,
				E8F8403727789958002CA50B /* 0146LRUCache.swift in Sources */,
				E85F929927986A040045C1D4 /* Offer22GetKthFromEnd.swift in Sources */,
				E840C7A5278C85CD007BFB33 /* 0306IsAdditiveNumber.swift in Sources */,
				E8CC3F5627BDF4F60038F1CE /* Offer15HammingWeight.swift in Sources */,
				E85F9291279860E60045C1D4 /* Offer27MirrorTree.swift in Sources */,
				E86EBE0927873673002A40A5 /* 0071SimplifyPath.swift in Sources */,
				E81BEE6F279BF9CE0099120E /* Offer54kthLargest.swift in Sources */,
				E81BEE6D2798800E0099120E /* Offer57TwoSum.swift in Sources */,
				E85F928F27985C4C0045C1D4 /* 0219ContainsNearbyDuplicate.swift in Sources */,
				E840C79D2789E10A007BFB33 /* 0103ZigzagLevelOrder.swift in Sources */,
				E87A7CB72782FE5D009A9511 /* 1185DayOfTheWeek.swift in Sources */,
				E8D1C2B627F06ACE00796F3E /* 0912QuickSort.swift in Sources */,
				E8EBE5C12757E3B000CE5FAD /* Offer33VerifyPostorder.swift in Sources */,
				E88789D827987D4A005714E5 /* Offer21Exchange.swift in Sources */,
				E86EBE0B278738E7002A40A5 /* 0199RightSideView.swift in Sources */,
				E87A7CAB277CADF2009A9511 /* 1995CountQuadruplets.swift in Sources */,
				E8D1C2B527F06ACE00796F3E /* 0014LongestCommonPrefix.swift in Sources */,
				E83965C627CF438400A5A280 /* TailFactorial.swift in Sources */,
				E8EBE5C52759151100CE5FAD /* Offer34PathSum.swift in Sources */,
				E840C7AD278C98CF007BFB33 /* Offer10Fib.swift in Sources */,
				E8C7A820278DD32E001A31C3 /* Offer48LengthOfLongestSubstring.swift in Sources */,
				E8A01F3427DF9836003F1A90 /* 0019RemoveNthFromEnd.swift in Sources */,
				E83D35B127E8AEB700D408BB /* 0349Intersection.swift in Sources */,
				E8A01F3327DF9836003F1A90 /* 0347TopKFrequent.swift in Sources */,
				E87A7CAF27802C30009A9511 /* 2022Construct2DArray.swift in Sources */,
				E8EBE5D3275E626E00CE5FAD /* Offer30MinStack.swift in Sources */,
				E85F929D2798744D0045C1D4 /* Offer52GetIntersectionNode.swift in Sources */,
				E87A7CB92783418F009A9511 /* Offer04FindNumberIn2DArray.swift in Sources */,
				E8F8402F2778588D002CA50B /* 1078FindOcurrences.swift in Sources */,
				E8F8403527786D5E002CA50B /* Offer53MissingNumber.swift in Sources */,
				E840C79F2789E71A007BFB33 /* 0092ReverseBetween.swift in Sources */,
				E804FB7127625E3800C3698F /* 0794ValidTicTacToe.swift in Sources */,
				E8A72157279C286C00815D41 /* 1332RemovePalindromeSub.swift in Sources */,
				E82AC1F627D5E38400AE0AD3 /* 0105BuildTree.swift in Sources */,
				E87A7CBF2784AA25009A9511 /* 1576ModifyString.swift in Sources */,
				E8B83879276C472F005DCEC1 /* 1518NumWaterBottles.swift in Sources */,
				E8A01F3027DF9836003F1A90 /* 0003LengthOfLongestSubstring.swift in Sources */,
				E8F84031277866C9002CA50B /* 0011MaxArea.swift in Sources */,
				E8421E0E278DE32D0062FD23 /* 0334IncreasingTriplet.swift in Sources */,
				E8A72151279C0D6900815D41 /* Offer61IsStraight.swift in Sources */,
				E840C7AF278C9B2C007BFB33 /* Offer10NumWays.swift in Sources */,
				E83965C227C50A4B00A5A280 /* 0143ReOrderList.swift in Sources */,
				E8A7215F279C4CB100815D41 /* 0141HasCycle.swift in Sources */,
				E87A7CB3278059D9009A9511 /* 0056Merge.swift in Sources */,
			);
			runOnlyForDeploymentPostprocessing = 0;
		};
/* End PBXSourcesBuildPhase section */

/* Begin XCBuildConfiguration section */
		E86A3F6E1F28DE78007D44F2 /* Debug */ = {
			isa = XCBuildConfiguration;
			buildSettings = {
				CLANG_WARN_BLOCK_CAPTURE_AUTORELEASING = YES;
				CLANG_WARN_BOOL_CONVERSION = YES;
				CLANG_WARN_COMMA = YES;
				CLANG_WARN_CONSTANT_CONVERSION = YES;
				CLANG_WARN_EMPTY_BODY = YES;
				CLANG_WARN_ENUM_CONVERSION = YES;
				CLANG_WARN_INFINITE_RECURSION = YES;
				CLANG_WARN_INT_CONVERSION = YES;
				CLANG_WARN_NON_LITERAL_NULL_CONVERSION = YES;
				CLANG_WARN_OBJC_LITERAL_CONVERSION = YES;
				CLANG_WARN_RANGE_LOOP_ANALYSIS = YES;
				CLANG_WARN_STRICT_PROTOTYPES = YES;
				CLANG_WARN_SUSPICIOUS_MOVE = YES;
				CLANG_WARN_UNREACHABLE_CODE = YES;
				CLANG_WARN__DUPLICATE_METHOD_MATCH = YES;
				ENABLE_STRICT_OBJC_MSGSEND = YES;
				ENABLE_TESTABILITY = YES;
				GCC_NO_COMMON_BLOCKS = YES;
				GCC_WARN_64_TO_32_BIT_CONVERSION = YES;
				GCC_WARN_ABOUT_RETURN_TYPE = YES;
				GCC_WARN_UNDECLARED_SELECTOR = YES;
				GCC_WARN_UNINITIALIZED_AUTOS = YES;
				GCC_WARN_UNUSED_FUNCTION = YES;
				GCC_WARN_UNUSED_VARIABLE = YES;
				ONLY_ACTIVE_ARCH = YES;
			};
			name = Debug;
		};
		E86A3F6F1F28DE78007D44F2 /* Release */ = {
			isa = XCBuildConfiguration;
			buildSettings = {
				CLANG_WARN_BLOCK_CAPTURE_AUTORELEASING = YES;
				CLANG_WARN_BOOL_CONVERSION = YES;
				CLANG_WARN_COMMA = YES;
				CLANG_WARN_CONSTANT_CONVERSION = YES;
				CLANG_WARN_EMPTY_BODY = YES;
				CLANG_WARN_ENUM_CONVERSION = YES;
				CLANG_WARN_INFINITE_RECURSION = YES;
				CLANG_WARN_INT_CONVERSION = YES;
				CLANG_WARN_NON_LITERAL_NULL_CONVERSION = YES;
				CLANG_WARN_OBJC_LITERAL_CONVERSION = YES;
				CLANG_WARN_RANGE_LOOP_ANALYSIS = YES;
				CLANG_WARN_STRICT_PROTOTYPES = YES;
				CLANG_WARN_SUSPICIOUS_MOVE = YES;
				CLANG_WARN_UNREACHABLE_CODE = YES;
				CLANG_WARN__DUPLICATE_METHOD_MATCH = YES;
				ENABLE_STRICT_OBJC_MSGSEND = YES;
				GCC_NO_COMMON_BLOCKS = YES;
				GCC_WARN_64_TO_32_BIT_CONVERSION = YES;
				GCC_WARN_ABOUT_RETURN_TYPE = YES;
				GCC_WARN_UNDECLARED_SELECTOR = YES;
				GCC_WARN_UNINITIALIZED_AUTOS = YES;
				GCC_WARN_UNUSED_FUNCTION = YES;
				GCC_WARN_UNUSED_VARIABLE = YES;
			};
			name = Release;
		};
		E86A3F961F28DF51007D44F2 /* Debug */ = {
			isa = XCBuildConfiguration;
			buildSettings = {
				ALWAYS_SEARCH_USER_PATHS = NO;
				CLANG_ANALYZER_NONNULL = YES;
				CLANG_ANALYZER_NUMBER_OBJECT_CONVERSION = YES_AGGRESSIVE;
				CLANG_CXX_LANGUAGE_STANDARD = "gnu++0x";
				CLANG_CXX_LIBRARY = "libc++";
				CLANG_ENABLE_MODULES = YES;
				CLANG_ENABLE_OBJC_ARC = YES;
				CLANG_WARN_BOOL_CONVERSION = YES;
				CLANG_WARN_CONSTANT_CONVERSION = YES;
				CLANG_WARN_DIRECT_OBJC_ISA_USAGE = YES_ERROR;
				CLANG_WARN_DOCUMENTATION_COMMENTS = YES;
				CLANG_WARN_EMPTY_BODY = YES;
				CLANG_WARN_ENUM_CONVERSION = YES;
				CLANG_WARN_INFINITE_RECURSION = YES;
				CLANG_WARN_INT_CONVERSION = YES;
				CLANG_WARN_OBJC_ROOT_CLASS = YES_ERROR;
				CLANG_WARN_SUSPICIOUS_MOVE = YES;
				CLANG_WARN_UNREACHABLE_CODE = YES;
				CLANG_WARN__DUPLICATE_METHOD_MATCH = YES;
				CODE_SIGN_IDENTITY = "-";
				COMBINE_HIDPI_IMAGES = YES;
				COPY_PHASE_STRIP = NO;
				DEBUG_INFORMATION_FORMAT = dwarf;
				ENABLE_STRICT_OBJC_MSGSEND = YES;
				ENABLE_TESTABILITY = YES;
				GCC_C_LANGUAGE_STANDARD = gnu99;
				GCC_DYNAMIC_NO_PIC = NO;
				GCC_NO_COMMON_BLOCKS = YES;
				GCC_OPTIMIZATION_LEVEL = 0;
				GCC_PREPROCESSOR_DEFINITIONS = (
					"DEBUG=1",
					"$(inherited)",
				);
				GCC_WARN_64_TO_32_BIT_CONVERSION = YES;
				GCC_WARN_ABOUT_RETURN_TYPE = YES_ERROR;
				GCC_WARN_UNDECLARED_SELECTOR = YES;
				GCC_WARN_UNINITIALIZED_AUTOS = YES_AGGRESSIVE;
				GCC_WARN_UNUSED_FUNCTION = YES;
				GCC_WARN_UNUSED_VARIABLE = YES;
				INFOPLIST_FILE = Practice/Info.plist;
				LD_RUNPATH_SEARCH_PATHS = "$(inherited) @executable_path/../Frameworks @loader_path/../Frameworks";
				MACOSX_DEPLOYMENT_TARGET = 10.12;
				MTL_ENABLE_DEBUG_INFO = YES;
				ONLY_ACTIVE_ARCH = YES;
				PRODUCT_BUNDLE_IDENTIFIER = com.silence.Practice;
				PRODUCT_NAME = "$(TARGET_NAME)";
				SDKROOT = macosx;
				SWIFT_ACTIVE_COMPILATION_CONDITIONS = DEBUG;
				SWIFT_OPTIMIZATION_LEVEL = "-Onone";
				SWIFT_SWIFT3_OBJC_INFERENCE = On;
				SWIFT_VERSION = 4.0;
			};
			name = Debug;
		};
		E86A3F971F28DF51007D44F2 /* Release */ = {
			isa = XCBuildConfiguration;
			buildSettings = {
				ALWAYS_SEARCH_USER_PATHS = NO;
				CLANG_ANALYZER_NONNULL = YES;
				CLANG_ANALYZER_NUMBER_OBJECT_CONVERSION = YES_AGGRESSIVE;
				CLANG_CXX_LANGUAGE_STANDARD = "gnu++0x";
				CLANG_CXX_LIBRARY = "libc++";
				CLANG_ENABLE_MODULES = YES;
				CLANG_ENABLE_OBJC_ARC = YES;
				CLANG_WARN_BOOL_CONVERSION = YES;
				CLANG_WARN_CONSTANT_CONVERSION = YES;
				CLANG_WARN_DIRECT_OBJC_ISA_USAGE = YES_ERROR;
				CLANG_WARN_DOCUMENTATION_COMMENTS = YES;
				CLANG_WARN_EMPTY_BODY = YES;
				CLANG_WARN_ENUM_CONVERSION = YES;
				CLANG_WARN_INFINITE_RECURSION = YES;
				CLANG_WARN_INT_CONVERSION = YES;
				CLANG_WARN_OBJC_ROOT_CLASS = YES_ERROR;
				CLANG_WARN_SUSPICIOUS_MOVE = YES;
				CLANG_WARN_UNREACHABLE_CODE = YES;
				CLANG_WARN__DUPLICATE_METHOD_MATCH = YES;
				CODE_SIGN_IDENTITY = "-";
				COMBINE_HIDPI_IMAGES = YES;
				COPY_PHASE_STRIP = NO;
				DEBUG_INFORMATION_FORMAT = "dwarf-with-dsym";
				ENABLE_NS_ASSERTIONS = NO;
				ENABLE_STRICT_OBJC_MSGSEND = YES;
				GCC_C_LANGUAGE_STANDARD = gnu99;
				GCC_NO_COMMON_BLOCKS = YES;
				GCC_WARN_64_TO_32_BIT_CONVERSION = YES;
				GCC_WARN_ABOUT_RETURN_TYPE = YES_ERROR;
				GCC_WARN_UNDECLARED_SELECTOR = YES;
				GCC_WARN_UNINITIALIZED_AUTOS = YES_AGGRESSIVE;
				GCC_WARN_UNUSED_FUNCTION = YES;
				GCC_WARN_UNUSED_VARIABLE = YES;
				INFOPLIST_FILE = Practice/Info.plist;
				LD_RUNPATH_SEARCH_PATHS = "$(inherited) @executable_path/../Frameworks @loader_path/../Frameworks";
				MACOSX_DEPLOYMENT_TARGET = 10.12;
				MTL_ENABLE_DEBUG_INFO = NO;
				PRODUCT_BUNDLE_IDENTIFIER = com.silence.Practice;
				PRODUCT_NAME = "$(TARGET_NAME)";
				SDKROOT = macosx;
				SWIFT_OPTIMIZATION_LEVEL = "-Owholemodule";
				SWIFT_SWIFT3_OBJC_INFERENCE = On;
				SWIFT_VERSION = 4.0;
			};
			name = Release;
		};
/* End XCBuildConfiguration section */

/* Begin XCConfigurationList section */
		E86A3F6D1F28DE78007D44F2 /* Build configuration list for PBXProject "LeetCodePractice" */ = {
			isa = XCConfigurationList;
			buildConfigurations = (
				E86A3F6E1F28DE78007D44F2 /* Debug */,
				E86A3F6F1F28DE78007D44F2 /* Release */,
			);
			defaultConfigurationIsVisible = 0;
			defaultConfigurationName = Release;
		};
		E86A3F951F28DF51007D44F2 /* Build configuration list for PBXNativeTarget "Practice" */ = {
			isa = XCConfigurationList;
			buildConfigurations = (
				E86A3F961F28DF51007D44F2 /* Debug */,
				E86A3F971F28DF51007D44F2 /* Release */,
			);
			defaultConfigurationIsVisible = 0;
			defaultConfigurationName = Release;
		};
/* End XCConfigurationList section */
	};
	rootObject = E86A3F6A1F28DE78007D44F2 /* Project object */;
}
