// !$*UTF8*$!
{
	archiveVersion = 1;
	classes = {
	};
	objectVersion = 46;
	objects = {

/* Begin PBXBuildFile section */
		E804FB7127625E3800C3698F /* 0794ValidTicTacToe.swift in Sources */ = {isa = PBXBuildFile; fileRef = E804FB7027625E3800C3698F /* 0794ValidTicTacToe.swift */; };
		E804FB732763986400C3698F /* 0748ShortestCompletingWord.swift in Sources */ = {isa = PBXBuildFile; fileRef = E804FB722763986400C3698F /* 0748ShortestCompletingWord.swift */; };
		E823B033274E8665007FE15C /* 0077Combine.swift in Sources */ = {isa = PBXBuildFile; fileRef = E823B032274E8665007FE15C /* 0077Combine.swift */; };
		E823B037274E9C5F007FE15C /* 0458PoorPigs.swift in Sources */ = {isa = PBXBuildFile; fileRef = E823B036274E9C5F007FE15C /* 0458PoorPigs.swift */; };
		E823B039274FD3FB007FE15C /* 0005LongestPalindrome.swift in Sources */ = {isa = PBXBuildFile; fileRef = E823B038274FD3FB007FE15C /* 0005LongestPalindrome.swift */; };
		E823B03B274FF178007FE15C /* 0700SearchBST.swift in Sources */ = {isa = PBXBuildFile; fileRef = E823B03A274FF178007FE15C /* 0700SearchBST.swift */; };
		E823B03D274FF430007FE15C /* TreeNode.swift in Sources */ = {isa = PBXBuildFile; fileRef = E823B03C274FF430007FE15C /* TreeNode.swift */; };
		E823B045274FFD52007FE15C /* StringExtension.swift in Sources */ = {isa = PBXBuildFile; fileRef = E823B044274FFD52007FE15C /* StringExtension.swift */; };
		E823B04727551A17007FE15C /* 0786KthSmallestPrimeFraction.swift in Sources */ = {isa = PBXBuildFile; fileRef = E823B04627551A17007FE15C /* 0786KthSmallestPrimeFraction.swift */; };
		E823B04B2757BB5C007FE15C /* 1446MaxPower.swift in Sources */ = {isa = PBXBuildFile; fileRef = E823B04A2757BB5C007FE15C /* 1446MaxPower.swift */; };
		E85F2AAC1F8E58DF0020A2FF /* 0002AddTwo Numbers.swift in Sources */ = {isa = PBXBuildFile; fileRef = E85F2AA91F8E58DF0020A2FF /* 0002AddTwo Numbers.swift */; };
		E85F2AAE1F8E58DF0020A2FF /* 0001TwoSum.swift in Sources */ = {isa = PBXBuildFile; fileRef = E85F2AAB1F8E58DF0020A2FF /* 0001TwoSum.swift */; };
		E86A3F9D1F28E8AB007D44F2 /* LICENSE in Resources */ = {isa = PBXBuildFile; fileRef = E86A3F9C1F28E8AB007D44F2 /* LICENSE */; };
		E86F2C4A2770D2E9009F54D0 /* 0475FindRadius.swift in Sources */ = {isa = PBXBuildFile; fileRef = E86F2C492770D2E9009F54D0 /* 0475FindRadius.swift */; };
		E88965502768E7D5002DAF94 /* 0630ScheduleCourse.swift in Sources */ = {isa = PBXBuildFile; fileRef = E889654F2768E7D5002DAF94 /* 0630ScheduleCourse.swift */; };
		E8B83879276C472F005DCEC1 /* 1518NumWaterBottles.swift in Sources */ = {isa = PBXBuildFile; fileRef = E8B83878276C472F005DCEC1 /* 1518NumWaterBottles.swift */; };
		E8D5CA55276798DC00F6A63A /* Offer47MaxValue.swift in Sources */ = {isa = PBXBuildFile; fileRef = E8D5CA54276798DC00F6A63A /* Offer47MaxValue.swift */; };
		E8E9EA2B1F2B62EB00B522B6 /* LinkNode.swift in Sources */ = {isa = PBXBuildFile; fileRef = E8E9EA2A1F2B62EB00B522B6 /* LinkNode.swift */; };
		E8EBE5BF2757C03B00CE5FAD /* 0400FindNthDigit.swift in Sources */ = {isa = PBXBuildFile; fileRef = E8EBE5BE2757C03B00CE5FAD /* 0400FindNthDigit.swift */; };
		E8EBE5C12757E3B000CE5FAD /* Offer33VerifyPostorder.swift in Sources */ = {isa = PBXBuildFile; fileRef = E8EBE5C02757E3B000CE5FAD /* Offer33VerifyPostorder.swift */; };
		E8EBE5C32757E72D00CE5FAD /* 506FindRelativeRanks.swift in Sources */ = {isa = PBXBuildFile; fileRef = E8EBE5C22757E72D00CE5FAD /* 506FindRelativeRanks.swift */; };
		E8EBE5C52759151100CE5FAD /* Offer34PathSum.swift in Sources */ = {isa = PBXBuildFile; fileRef = E8EBE5C42759151100CE5FAD /* Offer34PathSum.swift */; };
		E8EBE5C7275926CA00CE5FAD /* 1005LargestSumAfterKNegations.swift in Sources */ = {isa = PBXBuildFile; fileRef = E8EBE5C6275926CA00CE5FAD /* 1005LargestSumAfterKNegations.swift */; };
		E8EBE5C9275A82AE00CE5FAD /* 0383CanConstruct.swift in Sources */ = {isa = PBXBuildFile; fileRef = E8EBE5C8275A82AE00CE5FAD /* 0383CanConstruct.swift */; };
		E8EBE5CB275B57DF00CE5FAD /* Offer45MinNumber.swift in Sources */ = {isa = PBXBuildFile; fileRef = E8EBE5CA275B57DF00CE5FAD /* Offer45MinNumber.swift */; };
		E8EBE5CD275B861900CE5FAD /* Offer46TranslateNum.swift in Sources */ = {isa = PBXBuildFile; fileRef = E8EBE5CC275B861900CE5FAD /* Offer46TranslateNum.swift */; };
		E8EBE5CF275C587F00CE5FAD /* 0372SuperPow.swift in Sources */ = {isa = PBXBuildFile; fileRef = E8EBE5CE275C587F00CE5FAD /* 0372SuperPow.swift */; };
		E8EBE5D1275E60D800CE5FAD /* Offer09CQueue.swift in Sources */ = {isa = PBXBuildFile; fileRef = E8EBE5D0275E60D800CE5FAD /* Offer09CQueue.swift */; };
		E8EBE5D3275E626E00CE5FAD /* Offer30MinStack.swift in Sources */ = {isa = PBXBuildFile; fileRef = E8EBE5D2275E626E00CE5FAD /* Offer30MinStack.swift */; };
		E8EBE5D52760FB2500CE5FAD /* 0689MaxSumOfThreeSubarrays.swift in Sources */ = {isa = PBXBuildFile; fileRef = E8EBE5D42760FB2500CE5FAD /* 0689MaxSumOfThreeSubarrays.swift */; };
/* End PBXBuildFile section */

/* Begin PBXFileReference section */
		E804FB7027625E3800C3698F /* 0794ValidTicTacToe.swift */ = {isa = PBXFileReference; lastKnownFileType = sourcecode.swift; path = 0794ValidTicTacToe.swift; sourceTree = "<group>"; };
		E804FB722763986400C3698F /* 0748ShortestCompletingWord.swift */ = {isa = PBXFileReference; lastKnownFileType = sourcecode.swift; path = 0748ShortestCompletingWord.swift; sourceTree = "<group>"; };
		E823B032274E8665007FE15C /* 0077Combine.swift */ = {isa = PBXFileReference; lastKnownFileType = sourcecode.swift; path = 0077Combine.swift; sourceTree = "<group>"; };
		E823B036274E9C5F007FE15C /* 0458PoorPigs.swift */ = {isa = PBXFileReference; lastKnownFileType = sourcecode.swift; path = 0458PoorPigs.swift; sourceTree = "<group>"; };
		E823B038274FD3FB007FE15C /* 0005LongestPalindrome.swift */ = {isa = PBXFileReference; lastKnownFileType = sourcecode.swift; path = 0005LongestPalindrome.swift; sourceTree = "<group>"; };
		E823B03A274FF178007FE15C /* 0700SearchBST.swift */ = {isa = PBXFileReference; lastKnownFileType = sourcecode.swift; path = 0700SearchBST.swift; sourceTree = "<group>"; };
		E823B03C274FF430007FE15C /* TreeNode.swift */ = {isa = PBXFileReference; lastKnownFileType = sourcecode.swift; path = TreeNode.swift; sourceTree = "<group>"; };
		E823B044274FFD52007FE15C /* StringExtension.swift */ = {isa = PBXFileReference; lastKnownFileType = sourcecode.swift; path = StringExtension.swift; sourceTree = "<group>"; };
		E823B04627551A17007FE15C /* 0786KthSmallestPrimeFraction.swift */ = {isa = PBXFileReference; lastKnownFileType = sourcecode.swift; path = 0786KthSmallestPrimeFraction.swift; sourceTree = "<group>"; };
		E823B04A2757BB5C007FE15C /* 1446MaxPower.swift */ = {isa = PBXFileReference; lastKnownFileType = sourcecode.swift; path = 1446MaxPower.swift; sourceTree = "<group>"; };
		E85F2AA91F8E58DF0020A2FF /* 0002AddTwo Numbers.swift */ = {isa = PBXFileReference; fileEncoding = 4; lastKnownFileType = sourcecode.swift; path = "0002AddTwo Numbers.swift"; sourceTree = "<group>"; };
		E85F2AAB1F8E58DF0020A2FF /* 0001TwoSum.swift */ = {isa = PBXFileReference; fileEncoding = 4; lastKnownFileType = sourcecode.swift; path = 0001TwoSum.swift; sourceTree = "<group>"; };
		E86A3F901F28DF51007D44F2 /* Practice.xctest */ = {isa = PBXFileReference; explicitFileType = wrapper.cfbundle; includeInIndex = 0; path = Practice.xctest; sourceTree = BUILT_PRODUCTS_DIR; };
		E86A3F941F28DF51007D44F2 /* Info.plist */ = {isa = PBXFileReference; lastKnownFileType = text.plist.xml; path = Info.plist; sourceTree = "<group>"; };
		E86A3F9A1F28E8A6007D44F2 /* README.md */ = {isa = PBXFileReference; fileEncoding = 4; lastKnownFileType = net.daringfireball.markdown; name = README.md; path = ../README.md; sourceTree = "<group>"; };
		E86A3F9C1F28E8AB007D44F2 /* LICENSE */ = {isa = PBXFileReference; fileEncoding = 4; lastKnownFileType = text; name = LICENSE; path = ../LICENSE; sourceTree = "<group>"; };
		E86F2C492770D2E9009F54D0 /* 0475FindRadius.swift */ = {isa = PBXFileReference; lastKnownFileType = sourcecode.swift; path = 0475FindRadius.swift; sourceTree = "<group>"; };
		E889654F2768E7D5002DAF94 /* 0630ScheduleCourse.swift */ = {isa = PBXFileReference; lastKnownFileType = sourcecode.swift; path = 0630ScheduleCourse.swift; sourceTree = "<group>"; };
		E8B83878276C472F005DCEC1 /* 1518NumWaterBottles.swift */ = {isa = PBXFileReference; lastKnownFileType = sourcecode.swift; path = 1518NumWaterBottles.swift; sourceTree = "<group>"; };
		E8D5CA54276798DC00F6A63A /* Offer47MaxValue.swift */ = {isa = PBXFileReference; lastKnownFileType = sourcecode.swift; path = Offer47MaxValue.swift; sourceTree = "<group>"; };
		E8E9EA2A1F2B62EB00B522B6 /* LinkNode.swift */ = {isa = PBXFileReference; fileEncoding = 4; lastKnownFileType = sourcecode.swift; path = LinkNode.swift; sourceTree = "<group>"; };
		E8EBE5BE2757C03B00CE5FAD /* 0400FindNthDigit.swift */ = {isa = PBXFileReference; lastKnownFileType = sourcecode.swift; path = 0400FindNthDigit.swift; sourceTree = "<group>"; };
		E8EBE5C02757E3B000CE5FAD /* Offer33VerifyPostorder.swift */ = {isa = PBXFileReference; lastKnownFileType = sourcecode.swift; path = Offer33VerifyPostorder.swift; sourceTree = "<group>"; };
		E8EBE5C22757E72D00CE5FAD /* 506FindRelativeRanks.swift */ = {isa = PBXFileReference; lastKnownFileType = sourcecode.swift; path = 506FindRelativeRanks.swift; sourceTree = "<group>"; };
		E8EBE5C42759151100CE5FAD /* Offer34PathSum.swift */ = {isa = PBXFileReference; lastKnownFileType = sourcecode.swift; path = Offer34PathSum.swift; sourceTree = "<group>"; };
		E8EBE5C6275926CA00CE5FAD /* 1005LargestSumAfterKNegations.swift */ = {isa = PBXFileReference; lastKnownFileType = sourcecode.swift; path = 1005LargestSumAfterKNegations.swift; sourceTree = "<group>"; };
		E8EBE5C8275A82AE00CE5FAD /* 0383CanConstruct.swift */ = {isa = PBXFileReference; lastKnownFileType = sourcecode.swift; path = 0383CanConstruct.swift; sourceTree = "<group>"; };
		E8EBE5CA275B57DF00CE5FAD /* Offer45MinNumber.swift */ = {isa = PBXFileReference; lastKnownFileType = sourcecode.swift; path = Offer45MinNumber.swift; sourceTree = "<group>"; };
		E8EBE5CC275B861900CE5FAD /* Offer46TranslateNum.swift */ = {isa = PBXFileReference; lastKnownFileType = sourcecode.swift; path = Offer46TranslateNum.swift; sourceTree = "<group>"; };
		E8EBE5CE275C587F00CE5FAD /* 0372SuperPow.swift */ = {isa = PBXFileReference; lastKnownFileType = sourcecode.swift; path = 0372SuperPow.swift; sourceTree = "<group>"; };
		E8EBE5D0275E60D800CE5FAD /* Offer09CQueue.swift */ = {isa = PBXFileReference; lastKnownFileType = sourcecode.swift; path = Offer09CQueue.swift; sourceTree = "<group>"; };
		E8EBE5D2275E626E00CE5FAD /* Offer30MinStack.swift */ = {isa = PBXFileReference; lastKnownFileType = sourcecode.swift; path = Offer30MinStack.swift; sourceTree = "<group>"; };
		E8EBE5D42760FB2500CE5FAD /* 0689MaxSumOfThreeSubarrays.swift */ = {isa = PBXFileReference; lastKnownFileType = sourcecode.swift; path = 0689MaxSumOfThreeSubarrays.swift; sourceTree = "<group>"; };
/* End PBXFileReference section */

/* Begin PBXFrameworksBuildPhase section */
		E86A3F8D1F28DF51007D44F2 /* Frameworks */ = {
			isa = PBXFrameworksBuildPhase;
			buildActionMask = 2147483647;
			files = (
			);
			runOnlyForDeploymentPostprocessing = 0;
		};
/* End PBXFrameworksBuildPhase section */

/* Begin PBXGroup section */
		E86A3F691F28DE78007D44F2 = {
			isa = PBXGroup;
			children = (
				E86A3F9C1F28E8AB007D44F2 /* LICENSE */,
				E86A3F9A1F28E8A6007D44F2 /* README.md */,
				E8E9EA291F2B628B00B522B6 /* Tools */,
				E86A3F911F28DF51007D44F2 /* Practice */,
				E86A3F751F28DE98007D44F2 /* Products */,
			);
			sourceTree = "<group>";
		};
		E86A3F751F28DE98007D44F2 /* Products */ = {
			isa = PBXGroup;
			children = (
				E86A3F901F28DF51007D44F2 /* Practice.xctest */,
			);
			name = Products;
			sourceTree = "<group>";
		};
		E86A3F911F28DF51007D44F2 /* Practice */ = {
			isa = PBXGroup;
			children = (
				E86A3F941F28DF51007D44F2 /* Info.plist */,
				E85F2AAB1F8E58DF0020A2FF /* 0001TwoSum.swift */,
				E85F2AA91F8E58DF0020A2FF /* 0002AddTwo Numbers.swift */,
				E823B032274E8665007FE15C /* 0077Combine.swift */,
				E823B036274E9C5F007FE15C /* 0458PoorPigs.swift */,
				E823B038274FD3FB007FE15C /* 0005LongestPalindrome.swift */,
				E823B03A274FF178007FE15C /* 0700SearchBST.swift */,
				E823B04627551A17007FE15C /* 0786KthSmallestPrimeFraction.swift */,
				E823B04A2757BB5C007FE15C /* 1446MaxPower.swift */,
				E8EBE5BE2757C03B00CE5FAD /* 0400FindNthDigit.swift */,
				E8EBE5C02757E3B000CE5FAD /* Offer33VerifyPostorder.swift */,
				E8EBE5C22757E72D00CE5FAD /* 506FindRelativeRanks.swift */,
				E8EBE5C42759151100CE5FAD /* Offer34PathSum.swift */,
				E8EBE5C6275926CA00CE5FAD /* 1005LargestSumAfterKNegations.swift */,
				E8EBE5C8275A82AE00CE5FAD /* 0383CanConstruct.swift */,
				E8EBE5CA275B57DF00CE5FAD /* Offer45MinNumber.swift */,
				E8EBE5CC275B861900CE5FAD /* Offer46TranslateNum.swift */,
				E8EBE5CE275C587F00CE5FAD /* 0372SuperPow.swift */,
				E8EBE5D0275E60D800CE5FAD /* Offer09CQueue.swift */,
				E8EBE5D2275E626E00CE5FAD /* Offer30MinStack.swift */,
				E8EBE5D42760FB2500CE5FAD /* 0689MaxSumOfThreeSubarrays.swift */,
				E804FB7027625E3800C3698F /* 0794ValidTicTacToe.swift */,
				E804FB722763986400C3698F /* 0748ShortestCompletingWord.swift */,
				E8D5CA54276798DC00F6A63A /* Offer47MaxValue.swift */,
				E889654F2768E7D5002DAF94 /* 0630ScheduleCourse.swift */,
				E8B83878276C472F005DCEC1 /* 1518NumWaterBottles.swift */,
				E86F2C492770D2E9009F54D0 /* 0475FindRadius.swift */,
			);
			path = Practice;
			sourceTree = "<group>";
		};
		E8E9EA291F2B628B00B522B6 /* Tools */ = {
			isa = PBXGroup;
			children = (
				E8E9EA2A1F2B62EB00B522B6 /* LinkNode.swift */,
				E823B03C274FF430007FE15C /* TreeNode.swift */,
				E823B044274FFD52007FE15C /* StringExtension.swift */,
			);
			path = Tools;
			sourceTree = "<group>";
		};
/* End PBXGroup section */

/* Begin PBXNativeTarget section */
		E86A3F8F1F28DF51007D44F2 /* Practice */ = {
			isa = PBXNativeTarget;
			buildConfigurationList = E86A3F951F28DF51007D44F2 /* Build configuration list for PBXNativeTarget "Practice" */;
			buildPhases = (
				E86A3F8C1F28DF51007D44F2 /* Sources */,
				E86A3F8D1F28DF51007D44F2 /* Frameworks */,
				E86A3F8E1F28DF51007D44F2 /* Resources */,
			);
			buildRules = (
			);
			dependencies = (
			);
			name = Practice;
			productName = Practice;
			productReference = E86A3F901F28DF51007D44F2 /* Practice.xctest */;
			productType = "com.apple.product-type.bundle.unit-test";
		};
/* End PBXNativeTarget section */

/* Begin PBXProject section */
		E86A3F6A1F28DE78007D44F2 /* Project object */ = {
			isa = PBXProject;
			attributes = {
				LastSwiftUpdateCheck = 0830;
				LastUpgradeCheck = 0900;
				TargetAttributes = {
					E86A3F8F1F28DF51007D44F2 = {
						CreatedOnToolsVersion = 8.3.3;
						LastSwiftMigration = 0900;
						ProvisioningStyle = Automatic;
					};
				};
			};
			buildConfigurationList = E86A3F6D1F28DE78007D44F2 /* Build configuration list for PBXProject "LeetCodePractice" */;
			compatibilityVersion = "Xcode 3.2";
			developmentRegion = English;
			hasScannedForEncodings = 0;
			knownRegions = (
				English,
				en,
			);
			mainGroup = E86A3F691F28DE78007D44F2;
			productRefGroup = E86A3F751F28DE98007D44F2 /* Products */;
			projectDirPath = "";
			projectRoot = "";
			targets = (
				E86A3F8F1F28DF51007D44F2 /* Practice */,
			);
		};
/* End PBXProject section */

/* Begin PBXResourcesBuildPhase section */
		E86A3F8E1F28DF51007D44F2 /* Resources */ = {
			isa = PBXResourcesBuildPhase;
			buildActionMask = 2147483647;
			files = (
				E86A3F9D1F28E8AB007D44F2 /* LICENSE in Resources */,
			);
			runOnlyForDeploymentPostprocessing = 0;
		};
/* End PBXResourcesBuildPhase section */

/* Begin PBXSourcesBuildPhase section */
		E86A3F8C1F28DF51007D44F2 /* Sources */ = {
			isa = PBXSourcesBuildPhase;
			buildActionMask = 2147483647;
			files = (
				E8EBE5C7275926CA00CE5FAD /* 1005LargestSumAfterKNegations.swift in Sources */,
				E804FB732763986400C3698F /* 0748ShortestCompletingWord.swift in Sources */,
				E823B037274E9C5F007FE15C /* 0458PoorPigs.swift in Sources */,
				E8EBE5BF2757C03B00CE5FAD /* 0400FindNthDigit.swift in Sources */,
				E8EBE5CB275B57DF00CE5FAD /* Offer45MinNumber.swift in Sources */,
				E85F2AAE1F8E58DF0020A2FF /* 0001TwoSum.swift in Sources */,
				E8EBE5CD275B861900CE5FAD /* Offer46TranslateNum.swift in Sources */,
				E8EBE5CF275C587F00CE5FAD /* 0372SuperPow.swift in Sources */,
				E823B03B274FF178007FE15C /* 0700SearchBST.swift in Sources */,
				E88965502768E7D5002DAF94 /* 0630ScheduleCourse.swift in Sources */,
				E8EBE5D1275E60D800CE5FAD /* Offer09CQueue.swift in Sources */,
				E8E9EA2B1F2B62EB00B522B6 /* LinkNode.swift in Sources */,
				E8EBE5C9275A82AE00CE5FAD /* 0383CanConstruct.swift in Sources */,
				E823B04B2757BB5C007FE15C /* 1446MaxPower.swift in Sources */,
				E823B039274FD3FB007FE15C /* 0005LongestPalindrome.swift in Sources */,
				E823B045274FFD52007FE15C /* StringExtension.swift in Sources */,
				E823B033274E8665007FE15C /* 0077Combine.swift in Sources */,
				E85F2AAC1F8E58DF0020A2FF /* 0002AddTwo Numbers.swift in Sources */,
				E823B04727551A17007FE15C /* 0786KthSmallestPrimeFraction.swift in Sources */,
				E823B03D274FF430007FE15C /* TreeNode.swift in Sources */,
				E8EBE5D52760FB2500CE5FAD /* 0689MaxSumOfThreeSubarrays.swift in Sources */,
				E86F2C4A2770D2E9009F54D0 /* 0475FindRadius.swift in Sources */,
				E8D5CA55276798DC00F6A63A /* Offer47MaxValue.swift in Sources */,
				E8EBE5C32757E72D00CE5FAD /* 506FindRelativeRanks.swift in Sources */,
				E8EBE5C12757E3B000CE5FAD /* Offer33VerifyPostorder.swift in Sources */,
				E8EBE5C52759151100CE5FAD /* Offer34PathSum.swift in Sources */,
				E8EBE5D3275E626E00CE5FAD /* Offer30MinStack.swift in Sources */,
				E804FB7127625E3800C3698F /* 0794ValidTicTacToe.swift in Sources */,
				E8B83879276C472F005DCEC1 /* 1518NumWaterBottles.swift in Sources */,
			);
			runOnlyForDeploymentPostprocessing = 0;
		};
/* End PBXSourcesBuildPhase section */

/* Begin XCBuildConfiguration section */
		E86A3F6E1F28DE78007D44F2 /* Debug */ = {
			isa = XCBuildConfiguration;
			buildSettings = {
				CLANG_WARN_BLOCK_CAPTURE_AUTORELEASING = YES;
				CLANG_WARN_BOOL_CONVERSION = YES;
				CLANG_WARN_COMMA = YES;
				CLANG_WARN_CONSTANT_CONVERSION = YES;
				CLANG_WARN_EMPTY_BODY = YES;
				CLANG_WARN_ENUM_CONVERSION = YES;
				CLANG_WARN_INFINITE_RECURSION = YES;
				CLANG_WARN_INT_CONVERSION = YES;
				CLANG_WARN_NON_LITERAL_NULL_CONVERSION = YES;
				CLANG_WARN_OBJC_LITERAL_CONVERSION = YES;
				CLANG_WARN_RANGE_LOOP_ANALYSIS = YES;
				CLANG_WARN_STRICT_PROTOTYPES = YES;
				CLANG_WARN_SUSPICIOUS_MOVE = YES;
				CLANG_WARN_UNREACHABLE_CODE = YES;
				CLANG_WARN__DUPLICATE_METHOD_MATCH = YES;
				ENABLE_STRICT_OBJC_MSGSEND = YES;
				ENABLE_TESTABILITY = YES;
				GCC_NO_COMMON_BLOCKS = YES;
				GCC_WARN_64_TO_32_BIT_CONVERSION = YES;
				GCC_WARN_ABOUT_RETURN_TYPE = YES;
				GCC_WARN_UNDECLARED_SELECTOR = YES;
				GCC_WARN_UNINITIALIZED_AUTOS = YES;
				GCC_WARN_UNUSED_FUNCTION = YES;
				GCC_WARN_UNUSED_VARIABLE = YES;
				ONLY_ACTIVE_ARCH = YES;
			};
			name = Debug;
		};
		E86A3F6F1F28DE78007D44F2 /* Release */ = {
			isa = XCBuildConfiguration;
			buildSettings = {
				CLANG_WARN_BLOCK_CAPTURE_AUTORELEASING = YES;
				CLANG_WARN_BOOL_CONVERSION = YES;
				CLANG_WARN_COMMA = YES;
				CLANG_WARN_CONSTANT_CONVERSION = YES;
				CLANG_WARN_EMPTY_BODY = YES;
				CLANG_WARN_ENUM_CONVERSION = YES;
				CLANG_WARN_INFINITE_RECURSION = YES;
				CLANG_WARN_INT_CONVERSION = YES;
				CLANG_WARN_NON_LITERAL_NULL_CONVERSION = YES;
				CLANG_WARN_OBJC_LITERAL_CONVERSION = YES;
				CLANG_WARN_RANGE_LOOP_ANALYSIS = YES;
				CLANG_WARN_STRICT_PROTOTYPES = YES;
				CLANG_WARN_SUSPICIOUS_MOVE = YES;
				CLANG_WARN_UNREACHABLE_CODE = YES;
				CLANG_WARN__DUPLICATE_METHOD_MATCH = YES;
				ENABLE_STRICT_OBJC_MSGSEND = YES;
				GCC_NO_COMMON_BLOCKS = YES;
				GCC_WARN_64_TO_32_BIT_CONVERSION = YES;
				GCC_WARN_ABOUT_RETURN_TYPE = YES;
				GCC_WARN_UNDECLARED_SELECTOR = YES;
				GCC_WARN_UNINITIALIZED_AUTOS = YES;
				GCC_WARN_UNUSED_FUNCTION = YES;
				GCC_WARN_UNUSED_VARIABLE = YES;
			};
			name = Release;
		};
		E86A3F961F28DF51007D44F2 /* Debug */ = {
			isa = XCBuildConfiguration;
			buildSettings = {
				ALWAYS_SEARCH_USER_PATHS = NO;
				CLANG_ANALYZER_NONNULL = YES;
				CLANG_ANALYZER_NUMBER_OBJECT_CONVERSION = YES_AGGRESSIVE;
				CLANG_CXX_LANGUAGE_STANDARD = "gnu++0x";
				CLANG_CXX_LIBRARY = "libc++";
				CLANG_ENABLE_MODULES = YES;
				CLANG_ENABLE_OBJC_ARC = YES;
				CLANG_WARN_BOOL_CONVERSION = YES;
				CLANG_WARN_CONSTANT_CONVERSION = YES;
				CLANG_WARN_DIRECT_OBJC_ISA_USAGE = YES_ERROR;
				CLANG_WARN_DOCUMENTATION_COMMENTS = YES;
				CLANG_WARN_EMPTY_BODY = YES;
				CLANG_WARN_ENUM_CONVERSION = YES;
				CLANG_WARN_INFINITE_RECURSION = YES;
				CLANG_WARN_INT_CONVERSION = YES;
				CLANG_WARN_OBJC_ROOT_CLASS = YES_ERROR;
				CLANG_WARN_SUSPICIOUS_MOVE = YES;
				CLANG_WARN_UNREACHABLE_CODE = YES;
				CLANG_WARN__DUPLICATE_METHOD_MATCH = YES;
				CODE_SIGN_IDENTITY = "-";
				COMBINE_HIDPI_IMAGES = YES;
				COPY_PHASE_STRIP = NO;
				DEBUG_INFORMATION_FORMAT = dwarf;
				ENABLE_STRICT_OBJC_MSGSEND = YES;
				ENABLE_TESTABILITY = YES;
				GCC_C_LANGUAGE_STANDARD = gnu99;
				GCC_DYNAMIC_NO_PIC = NO;
				GCC_NO_COMMON_BLOCKS = YES;
				GCC_OPTIMIZATION_LEVEL = 0;
				GCC_PREPROCESSOR_DEFINITIONS = (
					"DEBUG=1",
					"$(inherited)",
				);
				GCC_WARN_64_TO_32_BIT_CONVERSION = YES;
				GCC_WARN_ABOUT_RETURN_TYPE = YES_ERROR;
				GCC_WARN_UNDECLARED_SELECTOR = YES;
				GCC_WARN_UNINITIALIZED_AUTOS = YES_AGGRESSIVE;
				GCC_WARN_UNUSED_FUNCTION = YES;
				GCC_WARN_UNUSED_VARIABLE = YES;
				INFOPLIST_FILE = Practice/Info.plist;
				LD_RUNPATH_SEARCH_PATHS = "$(inherited) @executable_path/../Frameworks @loader_path/../Frameworks";
				MACOSX_DEPLOYMENT_TARGET = 10.12;
				MTL_ENABLE_DEBUG_INFO = YES;
				ONLY_ACTIVE_ARCH = YES;
				PRODUCT_BUNDLE_IDENTIFIER = com.silence.Practice;
				PRODUCT_NAME = "$(TARGET_NAME)";
				SDKROOT = macosx;
				SWIFT_ACTIVE_COMPILATION_CONDITIONS = DEBUG;
				SWIFT_OPTIMIZATION_LEVEL = "-Onone";
				SWIFT_SWIFT3_OBJC_INFERENCE = On;
				SWIFT_VERSION = 4.0;
			};
			name = Debug;
		};
		E86A3F971F28DF51007D44F2 /* Release */ = {
			isa = XCBuildConfiguration;
			buildSettings = {
				ALWAYS_SEARCH_USER_PATHS = NO;
				CLANG_ANALYZER_NONNULL = YES;
				CLANG_ANALYZER_NUMBER_OBJECT_CONVERSION = YES_AGGRESSIVE;
				CLANG_CXX_LANGUAGE_STANDARD = "gnu++0x";
				CLANG_CXX_LIBRARY = "libc++";
				CLANG_ENABLE_MODULES = YES;
				CLANG_ENABLE_OBJC_ARC = YES;
				CLANG_WARN_BOOL_CONVERSION = YES;
				CLANG_WARN_CONSTANT_CONVERSION = YES;
				CLANG_WARN_DIRECT_OBJC_ISA_USAGE = YES_ERROR;
				CLANG_WARN_DOCUMENTATION_COMMENTS = YES;
				CLANG_WARN_EMPTY_BODY = YES;
				CLANG_WARN_ENUM_CONVERSION = YES;
				CLANG_WARN_INFINITE_RECURSION = YES;
				CLANG_WARN_INT_CONVERSION = YES;
				CLANG_WARN_OBJC_ROOT_CLASS = YES_ERROR;
				CLANG_WARN_SUSPICIOUS_MOVE = YES;
				CLANG_WARN_UNREACHABLE_CODE = YES;
				CLANG_WARN__DUPLICATE_METHOD_MATCH = YES;
				CODE_SIGN_IDENTITY = "-";
				COMBINE_HIDPI_IMAGES = YES;
				COPY_PHASE_STRIP = NO;
				DEBUG_INFORMATION_FORMAT = "dwarf-with-dsym";
				ENABLE_NS_ASSERTIONS = NO;
				ENABLE_STRICT_OBJC_MSGSEND = YES;
				GCC_C_LANGUAGE_STANDARD = gnu99;
				GCC_NO_COMMON_BLOCKS = YES;
				GCC_WARN_64_TO_32_BIT_CONVERSION = YES;
				GCC_WARN_ABOUT_RETURN_TYPE = YES_ERROR;
				GCC_WARN_UNDECLARED_SELECTOR = YES;
				GCC_WARN_UNINITIALIZED_AUTOS = YES_AGGRESSIVE;
				GCC_WARN_UNUSED_FUNCTION = YES;
				GCC_WARN_UNUSED_VARIABLE = YES;
				INFOPLIST_FILE = Practice/Info.plist;
				LD_RUNPATH_SEARCH_PATHS = "$(inherited) @executable_path/../Frameworks @loader_path/../Frameworks";
				MACOSX_DEPLOYMENT_TARGET = 10.12;
				MTL_ENABLE_DEBUG_INFO = NO;
				PRODUCT_BUNDLE_IDENTIFIER = com.silence.Practice;
				PRODUCT_NAME = "$(TARGET_NAME)";
				SDKROOT = macosx;
				SWIFT_OPTIMIZATION_LEVEL = "-Owholemodule";
				SWIFT_SWIFT3_OBJC_INFERENCE = On;
				SWIFT_VERSION = 4.0;
			};
			name = Release;
		};
/* End XCBuildConfiguration section */

/* Begin XCConfigurationList section */
		E86A3F6D1F28DE78007D44F2 /* Build configuration list for PBXProject "LeetCodePractice" */ = {
			isa = XCConfigurationList;
			buildConfigurations = (
				E86A3F6E1F28DE78007D44F2 /* Debug */,
				E86A3F6F1F28DE78007D44F2 /* Release */,
			);
			defaultConfigurationIsVisible = 0;
			defaultConfigurationName = Release;
		};
		E86A3F951F28DF51007D44F2 /* Build configuration list for PBXNativeTarget "Practice" */ = {
			isa = XCConfigurationList;
			buildConfigurations = (
				E86A3F961F28DF51007D44F2 /* Debug */,
				E86A3F971F28DF51007D44F2 /* Release */,
			);
			defaultConfigurationIsVisible = 0;
			defaultConfigurationName = Release;
		};
/* End XCConfigurationList section */
	};
	rootObject = E86A3F6A1F28DE78007D44F2 /* Project object */;
}
